// !$*UTF8*$!
{
	archiveVersion = 1;
	classes = {
	};
	objectVersion = 46;
	objects = {

/* Begin PBXBuildFile section */
		F71D16EC1B9C36F50039CB1A /* MYHomeTableViewController.m in Sources */ = {isa = PBXBuildFile; fileRef = F71D16EB1B9C36F50039CB1A /* MYHomeTableViewController.m */; };
		F71D16EF1B9C370C0039CB1A /* MYMeTableViewController.m in Sources */ = {isa = PBXBuildFile; fileRef = F71D16EE1B9C370C0039CB1A /* MYMeTableViewController.m */; };
		F71D16F21B9C37190039CB1A /* MYMessageTableViewController.m in Sources */ = {isa = PBXBuildFile; fileRef = F71D16F11B9C37190039CB1A /* MYMessageTableViewController.m */; };
		F71D16F51B9C37540039CB1A /* MYFindTableViewController.m in Sources */ = {isa = PBXBuildFile; fileRef = F71D16F41B9C37540039CB1A /* MYFindTableViewController.m */; };
		F7C9FC791B9C08B5005EF60C /* main.m in Sources */ = {isa = PBXBuildFile; fileRef = F7C9FC781B9C08B5005EF60C /* main.m */; };
		F7C9FC7C1B9C08B5005EF60C /* AppDelegate.m in Sources */ = {isa = PBXBuildFile; fileRef = F7C9FC7B1B9C08B5005EF60C /* AppDelegate.m */; };
		F7C9FC841B9C08B5005EF60C /* Images.xcassets in Resources */ = {isa = PBXBuildFile; fileRef = F7C9FC831B9C08B5005EF60C /* Images.xcassets */; };
		F7C9FC871B9C08B5005EF60C /* LaunchScreen.xib in Resources */ = {isa = PBXBuildFile; fileRef = F7C9FC851B9C08B5005EF60C /* LaunchScreen.xib */; };
		F7C9FC931B9C08B5005EF60C /* sinaWeiboTests.m in Sources */ = {isa = PBXBuildFile; fileRef = F7C9FC921B9C08B5005EF60C /* sinaWeiboTests.m */; };
		F7C9FCA31B9C1172005EF60C /* MYTabBarViewController.m in Sources */ = {isa = PBXBuildFile; fileRef = F7C9FCA21B9C1172005EF60C /* MYTabBarViewController.m */; };
		F7C9FCC11B9C226A005EF60C /* UIImage+Extern.m in Sources */ = {isa = PBXBuildFile; fileRef = F7C9FCC01B9C226A005EF60C /* UIImage+Extern.m */; };
/* End PBXBuildFile section */

/* Begin PBXContainerItemProxy section */
		F7C9FC8D1B9C08B5005EF60C /* PBXContainerItemProxy */ = {
			isa = PBXContainerItemProxy;
			containerPortal = F7C9FC6B1B9C08B5005EF60C /* Project object */;
			proxyType = 1;
			remoteGlobalIDString = F7C9FC721B9C08B5005EF60C;
			remoteInfo = sinaWeibo;
		};
/* End PBXContainerItemProxy section */

/* Begin PBXFileReference section */
		F71D16EA1B9C36F50039CB1A /* MYHomeTableViewController.h */ = {isa = PBXFileReference; fileEncoding = 4; lastKnownFileType = sourcecode.c.h; name = MYHomeTableViewController.h; path = ../MYHomeTableViewController.h; sourceTree = "<group>"; };
		F71D16EB1B9C36F50039CB1A /* MYHomeTableViewController.m */ = {isa = PBXFileReference; fileEncoding = 4; lastKnownFileType = sourcecode.c.objc; name = MYHomeTableViewController.m; path = ../MYHomeTableViewController.m; sourceTree = "<group>"; };
		F71D16ED1B9C370C0039CB1A /* MYMeTableViewController.h */ = {isa = PBXFileReference; fileEncoding = 4; lastKnownFileType = sourcecode.c.h; path = MYMeTableViewController.h; sourceTree = "<group>"; };
		F71D16EE1B9C370C0039CB1A /* MYMeTableViewController.m */ = {isa = PBXFileReference; fileEncoding = 4; lastKnownFileType = sourcecode.c.objc; path = MYMeTableViewController.m; sourceTree = "<group>"; };
		F71D16F01B9C37190039CB1A /* MYMessageTableViewController.h */ = {isa = PBXFileReference; fileEncoding = 4; lastKnownFileType = sourcecode.c.h; path = MYMessageTableViewController.h; sourceTree = "<group>"; };
		F71D16F11B9C37190039CB1A /* MYMessageTableViewController.m */ = {isa = PBXFileReference; fileEncoding = 4; lastKnownFileType = sourcecode.c.objc; path = MYMessageTableViewController.m; sourceTree = "<group>"; };
		F71D16F31B9C37540039CB1A /* MYFindTableViewController.h */ = {isa = PBXFileReference; fileEncoding = 4; lastKnownFileType = sourcecode.c.h; path = MYFindTableViewController.h; sourceTree = "<group>"; };
		F71D16F41B9C37540039CB1A /* MYFindTableViewController.m */ = {isa = PBXFileReference; fileEncoding = 4; lastKnownFileType = sourcecode.c.objc; path = MYFindTableViewController.m; sourceTree = "<group>"; };
		F7C9FC731B9C08B5005EF60C /* sinaWeibo.app */ = {isa = PBXFileReference; explicitFileType = wrapper.application; includeInIndex = 0; path = sinaWeibo.app; sourceTree = BUILT_PRODUCTS_DIR; };
		F7C9FC771B9C08B5005EF60C /* Info.plist */ = {isa = PBXFileReference; lastKnownFileType = text.plist.xml; path = Info.plist; sourceTree = "<group>"; };
		F7C9FC781B9C08B5005EF60C /* main.m */ = {isa = PBXFileReference; lastKnownFileType = sourcecode.c.objc; path = main.m; sourceTree = "<group>"; };
		F7C9FC7A1B9C08B5005EF60C /* AppDelegate.h */ = {isa = PBXFileReference; lastKnownFileType = sourcecode.c.h; path = AppDelegate.h; sourceTree = "<group>"; };
		F7C9FC7B1B9C08B5005EF60C /* AppDelegate.m */ = {isa = PBXFileReference; lastKnownFileType = sourcecode.c.objc; path = AppDelegate.m; sourceTree = "<group>"; };
		F7C9FC831B9C08B5005EF60C /* Images.xcassets */ = {isa = PBXFileReference; lastKnownFileType = folder.assetcatalog; path = Images.xcassets; sourceTree = "<group>"; };
		F7C9FC861B9C08B5005EF60C /* Base */ = {isa = PBXFileReference; lastKnownFileType = file.xib; name = Base; path = Base.lproj/LaunchScreen.xib; sourceTree = "<group>"; };
		F7C9FC8C1B9C08B5005EF60C /* sinaWeiboTests.xctest */ = {isa = PBXFileReference; explicitFileType = wrapper.cfbundle; includeInIndex = 0; path = sinaWeiboTests.xctest; sourceTree = BUILT_PRODUCTS_DIR; };
		F7C9FC911B9C08B5005EF60C /* Info.plist */ = {isa = PBXFileReference; lastKnownFileType = text.plist.xml; path = Info.plist; sourceTree = "<group>"; };
		F7C9FC921B9C08B5005EF60C /* sinaWeiboTests.m */ = {isa = PBXFileReference; lastKnownFileType = sourcecode.c.objc; path = sinaWeiboTests.m; sourceTree = "<group>"; };
		F7C9FCA11B9C1172005EF60C /* MYTabBarViewController.h */ = {isa = PBXFileReference; fileEncoding = 4; lastKnownFileType = sourcecode.c.h; path = MYTabBarViewController.h; sourceTree = "<group>"; };
		F7C9FCA21B9C1172005EF60C /* MYTabBarViewController.m */ = {isa = PBXFileReference; fileEncoding = 4; lastKnownFileType = sourcecode.c.objc; path = MYTabBarViewController.m; sourceTree = "<group>"; };
		F7C9FCB81B9C182A005EF60C /* sinaWeibo.pch */ = {isa = PBXFileReference; lastKnownFileType = sourcecode.c.h; path = sinaWeibo.pch; sourceTree = "<group>"; };
		F7C9FCBF1B9C226A005EF60C /* UIImage+Extern.h */ = {isa = PBXFileReference; fileEncoding = 4; lastKnownFileType = sourcecode.c.h; path = "UIImage+Extern.h"; sourceTree = "<group>"; };
		F7C9FCC01B9C226A005EF60C /* UIImage+Extern.m */ = {isa = PBXFileReference; fileEncoding = 4; lastKnownFileType = sourcecode.c.objc; path = "UIImage+Extern.m"; sourceTree = "<group>"; };
/* End PBXFileReference section */

/* Begin PBXFrameworksBuildPhase section */
		F7C9FC701B9C08B5005EF60C /* Frameworks */ = {
			isa = PBXFrameworksBuildPhase;
			buildActionMask = 2147483647;
			files = (
			);
			runOnlyForDeploymentPostprocessing = 0;
		};
		F7C9FC891B9C08B5005EF60C /* Frameworks */ = {
			isa = PBXFrameworksBuildPhase;
			buildActionMask = 2147483647;
			files = (
			);
			runOnlyForDeploymentPostprocessing = 0;
		};
/* End PBXFrameworksBuildPhase section */

/* Begin PBXGroup section */
		F7C9FC6A1B9C08B5005EF60C = {
			isa = PBXGroup;
			children = (
				F7C9FC751B9C08B5005EF60C /* sinaWeibo */,
				F7C9FC8F1B9C08B5005EF60C /* sinaWeiboTests */,
				F7C9FC741B9C08B5005EF60C /* Products */,
			);
			sourceTree = "<group>";
		};
		F7C9FC741B9C08B5005EF60C /* Products */ = {
			isa = PBXGroup;
			children = (
				F7C9FC731B9C08B5005EF60C /* sinaWeibo.app */,
				F7C9FC8C1B9C08B5005EF60C /* sinaWeiboTests.xctest */,
			);
			name = Products;
			sourceTree = "<group>";
		};
		F7C9FC751B9C08B5005EF60C /* sinaWeibo */ = {
			isa = PBXGroup;
			children = (
				F7C9FC9C1B9C1131005EF60C /* classes */,
				F7C9FC7A1B9C08B5005EF60C /* AppDelegate.h */,
				F7C9FC7B1B9C08B5005EF60C /* AppDelegate.m */,
				F7C9FC831B9C08B5005EF60C /* Images.xcassets */,
				F7C9FC851B9C08B5005EF60C /* LaunchScreen.xib */,
				F7C9FC761B9C08B5005EF60C /* Supporting Files */,
			);
			path = sinaWeibo;
			sourceTree = "<group>";
		};
		F7C9FC761B9C08B5005EF60C /* Supporting Files */ = {
			isa = PBXGroup;
			children = (
				F7C9FC771B9C08B5005EF60C /* Info.plist */,
				F7C9FC781B9C08B5005EF60C /* main.m */,
				F7C9FCB81B9C182A005EF60C /* sinaWeibo.pch */,
			);
			name = "Supporting Files";
			sourceTree = "<group>";
		};
		F7C9FC8F1B9C08B5005EF60C /* sinaWeiboTests */ = {
			isa = PBXGroup;
			children = (
				F7C9FC921B9C08B5005EF60C /* sinaWeiboTests.m */,
				F7C9FC901B9C08B5005EF60C /* Supporting Files */,
			);
			path = sinaWeiboTests;
			sourceTree = "<group>";
		};
		F7C9FC901B9C08B5005EF60C /* Supporting Files */ = {
			isa = PBXGroup;
			children = (
				F7C9FC911B9C08B5005EF60C /* Info.plist */,
			);
			name = "Supporting Files";
			sourceTree = "<group>";
		};
		F7C9FC9C1B9C1131005EF60C /* classes */ = {
			isa = PBXGroup;
			children = (
				F7C9FCA41B9C16DB005EF60C /* Find(发现) */,
				F7C9FCA91B9C16DB005EF60C /* Home(首页) */,
				F7C9FCAE1B9C16DB005EF60C /* me(我) */,
				F7C9FCB31B9C16DB005EF60C /* Message(消息) */,
				F7C9FCA01B9C113B005EF60C /* Other */,
				F7C9FC9D1B9C1131005EF60C /* Model */,
				F7C9FC9E1B9C1131005EF60C /* View */,
				F7C9FC9F1B9C1131005EF60C /* ViewController */,
			);
			path = classes;
			sourceTree = "<group>";
		};
		F7C9FC9D1B9C1131005EF60C /* Model */ = {
			isa = PBXGroup;
			children = (
			);
			path = Model;
			sourceTree = "<group>";
		};
		F7C9FC9E1B9C1131005EF60C /* View */ = {
			isa = PBXGroup;
			children = (
			);
			path = View;
			sourceTree = "<group>";
		};
		F7C9FC9F1B9C1131005EF60C /* ViewController */ = {
			isa = PBXGroup;
			children = (
				F7C9FCA11B9C1172005EF60C /* MYTabBarViewController.h */,
				F7C9FCA21B9C1172005EF60C /* MYTabBarViewController.m */,
			);
			path = ViewController;
			sourceTree = "<group>";
		};
		F7C9FCA01B9C113B005EF60C /* Other */ = {
			isa = PBXGroup;
			children = (
				F7C9FCBF1B9C226A005EF60C /* UIImage+Extern.h */,
				F7C9FCC01B9C226A005EF60C /* UIImage+Extern.m */,
			);
			path = Other;
			sourceTree = "<group>";
		};
		F7C9FCA41B9C16DB005EF60C /* Find(发现) */ = {
			isa = PBXGroup;
			children = (
				F7C9FCA51B9C16DB005EF60C /* Controller */,
				F7C9FCA61B9C16DB005EF60C /* Model */,
				F7C9FCA71B9C16DB005EF60C /* Other */,
				F7C9FCA81B9C16DB005EF60C /* VIew */,
			);
			path = "Find(发现)";
			sourceTree = "<group>";
		};
		F7C9FCA51B9C16DB005EF60C /* Controller */ = {
			isa = PBXGroup;
			children = (
				F71D16F31B9C37540039CB1A /* MYFindTableViewController.h */,
				F71D16F41B9C37540039CB1A /* MYFindTableViewController.m */,
			);
			path = Controller;
			sourceTree = "<group>";
		};
		F7C9FCA61B9C16DB005EF60C /* Model */ = {
			isa = PBXGroup;
			children = (
			);
			path = Model;
			sourceTree = "<group>";
		};
		F7C9FCA71B9C16DB005EF60C /* Other */ = {
			isa = PBXGroup;
			children = (
			);
			path = Other;
			sourceTree = "<group>";
		};
		F7C9FCA81B9C16DB005EF60C /* VIew */ = {
			isa = PBXGroup;
			children = (
			);
			path = VIew;
			sourceTree = "<group>";
		};
		F7C9FCA91B9C16DB005EF60C /* Home(首页) */ = {
			isa = PBXGroup;
			children = (
				F7C9FCAA1B9C16DB005EF60C /* Controller */,
				F7C9FCAB1B9C16DB005EF60C /* Model */,
				F7C9FCAC1B9C16DB005EF60C /* Other */,
				F7C9FCAD1B9C16DB005EF60C /* VIew */,
			);
			path = "Home(首页)";
			sourceTree = "<group>";
		};
		F7C9FCAA1B9C16DB005EF60C /* Controller */ = {
			isa = PBXGroup;
			children = (
				F71D16EA1B9C36F50039CB1A /* MYHomeTableViewController.h */,
				F71D16EB1B9C36F50039CB1A /* MYHomeTableViewController.m */,
			);
			path = Controller;
			sourceTree = "<group>";
		};
		F7C9FCAB1B9C16DB005EF60C /* Model */ = {
			isa = PBXGroup;
			children = (
			);
			path = Model;
			sourceTree = "<group>";
		};
		F7C9FCAC1B9C16DB005EF60C /* Other */ = {
			isa = PBXGroup;
			children = (
			);
			path = Other;
			sourceTree = "<group>";
		};
		F7C9FCAD1B9C16DB005EF60C /* VIew */ = {
			isa = PBXGroup;
			children = (
			);
			path = VIew;
			sourceTree = "<group>";
		};
		F7C9FCAE1B9C16DB005EF60C /* me(我) */ = {
			isa = PBXGroup;
			children = (
				F7C9FCAF1B9C16DB005EF60C /* Controller */,
				F7C9FCB01B9C16DB005EF60C /* Model */,
				F7C9FCB11B9C16DB005EF60C /* Other */,
				F7C9FCB21B9C16DB005EF60C /* VIew */,
			);
			path = "me(我)";
			sourceTree = "<group>";
		};
		F7C9FCAF1B9C16DB005EF60C /* Controller */ = {
			isa = PBXGroup;
			children = (
				F71D16ED1B9C370C0039CB1A /* MYMeTableViewController.h */,
				F71D16EE1B9C370C0039CB1A /* MYMeTableViewController.m */,
			);
			path = Controller;
			sourceTree = "<group>";
		};
		F7C9FCB01B9C16DB005EF60C /* Model */ = {
			isa = PBXGroup;
			children = (
			);
			path = Model;
			sourceTree = "<group>";
		};
		F7C9FCB11B9C16DB005EF60C /* Other */ = {
			isa = PBXGroup;
			children = (
			);
			path = Other;
			sourceTree = "<group>";
		};
		F7C9FCB21B9C16DB005EF60C /* VIew */ = {
			isa = PBXGroup;
			children = (
			);
			path = VIew;
			sourceTree = "<group>";
		};
		F7C9FCB31B9C16DB005EF60C /* Message(消息) */ = {
			isa = PBXGroup;
			children = (
				F7C9FCB41B9C16DB005EF60C /* Controller */,
				F7C9FCB51B9C16DB005EF60C /* Model */,
				F7C9FCB61B9C16DB005EF60C /* Other */,
				F7C9FCB71B9C16DB005EF60C /* VIew */,
			);
			path = "Message(消息)";
			sourceTree = "<group>";
		};
		F7C9FCB41B9C16DB005EF60C /* Controller */ = {
			isa = PBXGroup;
			children = (
				F71D16F01B9C37190039CB1A /* MYMessageTableViewController.h */,
				F71D16F11B9C37190039CB1A /* MYMessageTableViewController.m */,
			);
			path = Controller;
			sourceTree = "<group>";
		};
		F7C9FCB51B9C16DB005EF60C /* Model */ = {
			isa = PBXGroup;
			children = (
			);
			path = Model;
			sourceTree = "<group>";
		};
		F7C9FCB61B9C16DB005EF60C /* Other */ = {
			isa = PBXGroup;
			children = (
			);
			path = Other;
			sourceTree = "<group>";
		};
		F7C9FCB71B9C16DB005EF60C /* VIew */ = {
			isa = PBXGroup;
			children = (
			);
			path = VIew;
			sourceTree = "<group>";
		};
/* End PBXGroup section */

/* Begin PBXNativeTarget section */
		F7C9FC721B9C08B5005EF60C /* sinaWeibo */ = {
			isa = PBXNativeTarget;
			buildConfigurationList = F7C9FC961B9C08B5005EF60C /* Build configuration list for PBXNativeTarget "sinaWeibo" */;
			buildPhases = (
				F7C9FC6F1B9C08B5005EF60C /* Sources */,
				F7C9FC701B9C08B5005EF60C /* Frameworks */,
				F7C9FC711B9C08B5005EF60C /* Resources */,
			);
			buildRules = (
			);
			dependencies = (
			);
			name = sinaWeibo;
			productName = sinaWeibo;
			productReference = F7C9FC731B9C08B5005EF60C /* sinaWeibo.app */;
			productType = "com.apple.product-type.application";
		};
		F7C9FC8B1B9C08B5005EF60C /* sinaWeiboTests */ = {
			isa = PBXNativeTarget;
			buildConfigurationList = F7C9FC991B9C08B5005EF60C /* Build configuration list for PBXNativeTarget "sinaWeiboTests" */;
			buildPhases = (
				F7C9FC881B9C08B5005EF60C /* Sources */,
				F7C9FC891B9C08B5005EF60C /* Frameworks */,
				F7C9FC8A1B9C08B5005EF60C /* Resources */,
			);
			buildRules = (
			);
			dependencies = (
				F7C9FC8E1B9C08B5005EF60C /* PBXTargetDependency */,
			);
			name = sinaWeiboTests;
			productName = sinaWeiboTests;
			productReference = F7C9FC8C1B9C08B5005EF60C /* sinaWeiboTests.xctest */;
			productType = "com.apple.product-type.bundle.unit-test";
		};
/* End PBXNativeTarget section */

/* Begin PBXProject section */
		F7C9FC6B1B9C08B5005EF60C /* Project object */ = {
			isa = PBXProject;
			attributes = {
				LastUpgradeCheck = 0640;
				ORGANIZATIONNAME = wmy;
				TargetAttributes = {
					F7C9FC721B9C08B5005EF60C = {
						CreatedOnToolsVersion = 6.4;
					};
					F7C9FC8B1B9C08B5005EF60C = {
						CreatedOnToolsVersion = 6.4;
						TestTargetID = F7C9FC721B9C08B5005EF60C;
					};
				};
			};
			buildConfigurationList = F7C9FC6E1B9C08B5005EF60C /* Build configuration list for PBXProject "sinaWeibo" */;
			compatibilityVersion = "Xcode 3.2";
			developmentRegion = English;
			hasScannedForEncodings = 0;
			knownRegions = (
				en,
				Base,
			);
			mainGroup = F7C9FC6A1B9C08B5005EF60C;
			productRefGroup = F7C9FC741B9C08B5005EF60C /* Products */;
			projectDirPath = "";
			projectRoot = "";
			targets = (
				F7C9FC721B9C08B5005EF60C /* sinaWeibo */,
				F7C9FC8B1B9C08B5005EF60C /* sinaWeiboTests */,
			);
		};
/* End PBXProject section */

/* Begin PBXResourcesBuildPhase section */
		F7C9FC711B9C08B5005EF60C /* Resources */ = {
			isa = PBXResourcesBuildPhase;
			buildActionMask = 2147483647;
			files = (
				F7C9FC871B9C08B5005EF60C /* LaunchScreen.xib in Resources */,
				F7C9FC841B9C08B5005EF60C /* Images.xcassets in Resources */,
			);
			runOnlyForDeploymentPostprocessing = 0;
		};
		F7C9FC8A1B9C08B5005EF60C /* Resources */ = {
			isa = PBXResourcesBuildPhase;
			buildActionMask = 2147483647;
			files = (
			);
			runOnlyForDeploymentPostprocessing = 0;
		};
/* End PBXResourcesBuildPhase section */

/* Begin PBXSourcesBuildPhase section */
		F7C9FC6F1B9C08B5005EF60C /* Sources */ = {
			isa = PBXSourcesBuildPhase;
			buildActionMask = 2147483647;
			files = (
				F71D16EC1B9C36F50039CB1A /* MYHomeTableViewController.m in Sources */,
				F7C9FC7C1B9C08B5005EF60C /* AppDelegate.m in Sources */,
				F7C9FCC11B9C226A005EF60C /* UIImage+Extern.m in Sources */,
				F71D16F21B9C37190039CB1A /* MYMessageTableViewController.m in Sources */,
				F71D16F51B9C37540039CB1A /* MYFindTableViewController.m in Sources */,
				F7C9FC791B9C08B5005EF60C /* main.m in Sources */,
				F7C9FCA31B9C1172005EF60C /* MYTabBarViewController.m in Sources */,
				F71D16EF1B9C370C0039CB1A /* MYMeTableViewController.m in Sources */,
			);
			runOnlyForDeploymentPostprocessing = 0;
		};
		F7C9FC881B9C08B5005EF60C /* Sources */ = {
			isa = PBXSourcesBuildPhase;
			buildActionMask = 2147483647;
			files = (
				F7C9FC931B9C08B5005EF60C /* sinaWeiboTests.m in Sources */,
			);
			runOnlyForDeploymentPostprocessing = 0;
		};
/* End PBXSourcesBuildPhase section */

/* Begin PBXTargetDependency section */
		F7C9FC8E1B9C08B5005EF60C /* PBXTargetDependency */ = {
			isa = PBXTargetDependency;
			target = F7C9FC721B9C08B5005EF60C /* sinaWeibo */;
			targetProxy = F7C9FC8D1B9C08B5005EF60C /* PBXContainerItemProxy */;
		};
/* End PBXTargetDependency section */

/* Begin PBXVariantGroup section */
		F7C9FC851B9C08B5005EF60C /* LaunchScreen.xib */ = {
			isa = PBXVariantGroup;
			children = (
				F7C9FC861B9C08B5005EF60C /* Base */,
			);
			name = LaunchScreen.xib;
			sourceTree = "<group>";
		};
/* End PBXVariantGroup section */

/* Begin XCBuildConfiguration section */
		F7C9FC941B9C08B5005EF60C /* Debug */ = {
			isa = XCBuildConfiguration;
			buildSettings = {
				ALWAYS_SEARCH_USER_PATHS = NO;
				CLANG_CXX_LANGUAGE_STANDARD = "gnu++0x";
				CLANG_CXX_LIBRARY = "libc++";
				CLANG_ENABLE_MODULES = YES;
				CLANG_ENABLE_OBJC_ARC = YES;
				CLANG_WARN_BOOL_CONVERSION = YES;
				CLANG_WARN_CONSTANT_CONVERSION = YES;
				CLANG_WARN_DIRECT_OBJC_ISA_USAGE = YES_ERROR;
				CLANG_WARN_EMPTY_BODY = YES;
				CLANG_WARN_ENUM_CONVERSION = YES;
				CLANG_WARN_INT_CONVERSION = YES;
				CLANG_WARN_OBJC_ROOT_CLASS = YES_ERROR;
				CLANG_WARN_UNREACHABLE_CODE = YES;
				CLANG_WARN__DUPLICATE_METHOD_MATCH = YES;
				"CODE_SIGN_IDENTITY[sdk=iphoneos*]" = "iPhone Developer";
				COPY_PHASE_STRIP = NO;
				DEBUG_INFORMATION_FORMAT = "dwarf-with-dsym";
				ENABLE_STRICT_OBJC_MSGSEND = YES;
				GCC_C_LANGUAGE_STANDARD = gnu99;
				GCC_DYNAMIC_NO_PIC = NO;
				GCC_NO_COMMON_BLOCKS = YES;
				GCC_OPTIMIZATION_LEVEL = 0;
				GCC_PREPROCESSOR_DEFINITIONS = (
					"DEBUG=1",
					"$(inherited)",
				);
				GCC_SYMBOLS_PRIVATE_EXTERN = NO;
				GCC_WARN_64_TO_32_BIT_CONVERSION = YES;
				GCC_WARN_ABOUT_RETURN_TYPE = YES_ERROR;
				GCC_WARN_UNDECLARED_SELECTOR = YES;
				GCC_WARN_UNINITIALIZED_AUTOS = YES_AGGRESSIVE;
				GCC_WARN_UNUSED_FUNCTION = YES;
				GCC_WARN_UNUSED_VARIABLE = YES;
				IPHONEOS_DEPLOYMENT_TARGET = 8.4;
				MTL_ENABLE_DEBUG_INFO = YES;
				ONLY_ACTIVE_ARCH = YES;
				SDKROOT = iphoneos;
			};
			name = Debug;
		};
		F7C9FC951B9C08B5005EF60C /* Release */ = {
			isa = XCBuildConfiguration;
			buildSettings = {
				ALWAYS_SEARCH_USER_PATHS = NO;
				CLANG_CXX_LANGUAGE_STANDARD = "gnu++0x";
				CLANG_CXX_LIBRARY = "libc++";
				CLANG_ENABLE_MODULES = YES;
				CLANG_ENABLE_OBJC_ARC = YES;
				CLANG_WARN_BOOL_CONVERSION = YES;
				CLANG_WARN_CONSTANT_CONVERSION = YES;
				CLANG_WARN_DIRECT_OBJC_ISA_USAGE = YES_ERROR;
				CLANG_WARN_EMPTY_BODY = YES;
				CLANG_WARN_ENUM_CONVERSION = YES;
				CLANG_WARN_INT_CONVERSION = YES;
				CLANG_WARN_OBJC_ROOT_CLASS = YES_ERROR;
				CLANG_WARN_UNREACHABLE_CODE = YES;
				CLANG_WARN__DUPLICATE_METHOD_MATCH = YES;
				"CODE_SIGN_IDENTITY[sdk=iphoneos*]" = "iPhone Developer";
				COPY_PHASE_STRIP = NO;
				DEBUG_INFORMATION_FORMAT = "dwarf-with-dsym";
				ENABLE_NS_ASSERTIONS = NO;
				ENABLE_STRICT_OBJC_MSGSEND = YES;
				GCC_C_LANGUAGE_STANDARD = gnu99;
				GCC_NO_COMMON_BLOCKS = YES;
				GCC_WARN_64_TO_32_BIT_CONVERSION = YES;
				GCC_WARN_ABOUT_RETURN_TYPE = YES_ERROR;
				GCC_WARN_UNDECLARED_SELECTOR = YES;
				GCC_WARN_UNINITIALIZED_AUTOS = YES_AGGRESSIVE;
				GCC_WARN_UNUSED_FUNCTION = YES;
				GCC_WARN_UNUSED_VARIABLE = YES;
				IPHONEOS_DEPLOYMENT_TARGET = 8.4;
				MTL_ENABLE_DEBUG_INFO = NO;
				SDKROOT = iphoneos;
				VALIDATE_PRODUCT = YES;
			};
			name = Release;
		};
		F7C9FC971B9C08B5005EF60C /* Debug */ = {
			isa = XCBuildConfiguration;
			buildSettings = {
				ASSETCATALOG_COMPILER_APPICON_NAME = AppIcon;
				ASSETCATALOG_COMPILER_LAUNCHIMAGE_NAME = LaunchImage;
				GCC_PREFIX_HEADER = "$(SRCROOT)/sinaWeibo/sinaWeibo.pch";
				INFOPLIST_FILE = sinaWeibo/Info.plist;
				IPHONEOS_DEPLOYMENT_TARGET = 6.1;
				LD_RUNPATH_SEARCH_PATHS = "$(inherited) @executable_path/Frameworks";
				PRODUCT_NAME = "$(TARGET_NAME)";
			};
			name = Debug;
		};
		F7C9FC981B9C08B5005EF60C /* Release */ = {
			isa = XCBuildConfiguration;
			buildSettings = {
				ASSETCATALOG_COMPILER_APPICON_NAME = AppIcon;
				ASSETCATALOG_COMPILER_LAUNCHIMAGE_NAME = LaunchImage;
				GCC_PREFIX_HEADER = "$(SRCROOT)/sinaWeibo/sinaWeibo.pch";
				INFOPLIST_FILE = sinaWeibo/Info.plist;
				IPHONEOS_DEPLOYMENT_TARGET = 6.1;
				LD_RUNPATH_SEARCH_PATHS = "$(inherited) @executable_path/Frameworks";
				PRODUCT_NAME = "$(TARGET_NAME)";
			};
			name = Release;
		};
		F7C9FC9A1B9C08B5005EF60C /* Debug */ = {
			isa = XCBuildConfiguration;
			buildSettings = {
				BUNDLE_LOADER = "$(TEST_HOST)";
				FRAMEWORK_SEARCH_PATHS = (
					"$(SDKROOT)/Developer/Library/Frameworks",
					"$(inherited)",
				);
				GCC_PREPROCESSOR_DEFINITIONS = (
					"DEBUG=1",
					"$(inherited)",
				);
				INFOPLIST_FILE = sinaWeiboTests/Info.plist;
				LD_RUNPATH_SEARCH_PATHS = "$(inherited) @executable_path/Frameworks @loader_path/Frameworks";
				PRODUCT_NAME = "$(TARGET_NAME)";
				TEST_HOST = "$(BUILT_PRODUCTS_DIR)/sinaWeibo.app/sinaWeibo";
			};
			name = Debug;
		};
		F7C9FC9B1B9C08B5005EF60C /* Release */ = {
			isa = XCBuildConfiguration;
			buildSettings = {
				BUNDLE_LOADER = "$(TEST_HOST)";
				FRAMEWORK_SEARCH_PATHS = (
					"$(SDKROOT)/Developer/Library/Frameworks",
					"$(inherited)",
				);
				INFOPLIST_FILE = sinaWeiboTests/Info.plist;
				LD_RUNPATH_SEARCH_PATHS = "$(inherited) @executable_path/Frameworks @loader_path/Frameworks";
				PRODUCT_NAME = "$(TARGET_NAME)";
				TEST_HOST = "$(BUILT_PRODUCTS_DIR)/sinaWeibo.app/sinaWeibo";
			};
			name = Release;
		};
/* End XCBuildConfiguration section */

/* Begin XCConfigurationList section */
		F7C9FC6E1B9C08B5005EF60C /* Build configuration list for PBXProject "sinaWeibo" */ = {
			isa = XCConfigurationList;
			buildConfigurations = (
				F7C9FC941B9C08B5005EF60C /* Debug */,
				F7C9FC951B9C08B5005EF60C /* Release */,
			);
			defaultConfigurationIsVisible = 0;
			defaultConfigurationName = Release;
		};
		F7C9FC961B9C08B5005EF60C /* Build configuration list for PBXNativeTarget "sinaWeibo" */ = {
			isa = XCConfigurationList;
			buildConfigurations = (
				F7C9FC971B9C08B5005EF60C /* Debug */,
				F7C9FC981B9C08B5005EF60C /* Release */,
			);
			defaultConfigurationIsVisible = 0;
			defaultConfigurationName = Release;
		};
		F7C9FC991B9C08B5005EF60C /* Build configuration list for PBXNativeTarget "sinaWeiboTests" */ = {
			isa = XCConfigurationList;
			buildConfigurations = (
				F7C9FC9A1B9C08B5005EF60C /* Debug */,
				F7C9FC9B1B9C08B5005EF60C /* Release */,
			);
			defaultConfigurationIsVisible = 0;
			defaultConfigurationName = Release;
		};
/* End XCConfigurationList section */
	};
	rootObject = F7C9FC6B1B9C08B5005EF60C /* Project object */;
}
