// !$*UTF8*$!
{
	archiveVersion = 1;
	classes = {
	};
	objectVersion = 46;
	objects = {

/* Begin PBXBuildFile section */
		F710A0951B9E88E000A8D0BC /* UIBarButtonItem+Extension.m in Sources */ = {isa = PBXBuildFile; fileRef = F710A0901B9E88E000A8D0BC /* UIBarButtonItem+Extension.m */; };
		F710A0961B9E88E000A8D0BC /* UIImage+Extern.m in Sources */ = {isa = PBXBuildFile; fileRef = F710A0921B9E88E000A8D0BC /* UIImage+Extern.m */; };
		F710A0971B9E88E000A8D0BC /* UIView+Extern.m in Sources */ = {isa = PBXBuildFile; fileRef = F710A0941B9E88E000A8D0BC /* UIView+Extern.m */; };
		F710A09B1B9E892700A8D0BC /* MYSearchBar.m in Sources */ = {isa = PBXBuildFile; fileRef = F710A09A1B9E892700A8D0BC /* MYSearchBar.m */; };
		F71D16EC1B9C36F50039CB1A /* MYHomeTableViewController.m in Sources */ = {isa = PBXBuildFile; fileRef = F71D16EB1B9C36F50039CB1A /* MYHomeTableViewController.m */; };
		F71D16EF1B9C370C0039CB1A /* MYMeTableViewController.m in Sources */ = {isa = PBXBuildFile; fileRef = F71D16EE1B9C370C0039CB1A /* MYMeTableViewController.m */; };
		F71D16F21B9C37190039CB1A /* MYMessageTableViewController.m in Sources */ = {isa = PBXBuildFile; fileRef = F71D16F11B9C37190039CB1A /* MYMessageTableViewController.m */; };
		F71D16F51B9C37540039CB1A /* MYFindTableViewController.m in Sources */ = {isa = PBXBuildFile; fileRef = F71D16F41B9C37540039CB1A /* MYFindTableViewController.m */; };
		F71D16FB1B9C3A140039CB1A /* MYTabBarViewController.m in Sources */ = {isa = PBXBuildFile; fileRef = F71D16FA1B9C3A140039CB1A /* MYTabBarViewController.m */; };
		F71D16FF1B9C508C0039CB1A /* MYTabNavigationController.m in Sources */ = {isa = PBXBuildFile; fileRef = F71D16FE1B9C508C0039CB1A /* MYTabNavigationController.m */; };
		F71D17021B9C56F70039CB1A /* MYTableViewController.m in Sources */ = {isa = PBXBuildFile; fileRef = F71D17011B9C56F70039CB1A /* MYTableViewController.m */; };
		F71D170C1B9D1DDF0039CB1A /* OneViewController.m in Sources */ = {isa = PBXBuildFile; fileRef = F71D170B1B9D1DDF0039CB1A /* OneViewController.m */; };
		F71D170F1B9D1DEF0039CB1A /* TwoViewController.m in Sources */ = {isa = PBXBuildFile; fileRef = F71D170E1B9D1DEF0039CB1A /* TwoViewController.m */; };
		F71D17111B9D1E0A0039CB1A /* OneViewController.xib in Resources */ = {isa = PBXBuildFile; fileRef = F71D17101B9D1E0A0039CB1A /* OneViewController.xib */; };
		F71D17131B9D1E170039CB1A /* TwoViewController.xib in Resources */ = {isa = PBXBuildFile; fileRef = F71D17121B9D1E170039CB1A /* TwoViewController.xib */; };
		F731E4511B9FBF2500527F7A /* MYOAuthViewController.m in Sources */ = {isa = PBXBuildFile; fileRef = F731E4501B9FBF2500527F7A /* MYOAuthViewController.m */; };
		F731E4591B9FC9B400527F7A /* MBProgressHUD+MJ.m in Sources */ = {isa = PBXBuildFile; fileRef = F731E4551B9FC9B400527F7A /* MBProgressHUD+MJ.m */; };
		F731E45A1B9FC9B400527F7A /* MBProgressHUD.bundle in Resources */ = {isa = PBXBuildFile; fileRef = F731E4561B9FC9B400527F7A /* MBProgressHUD.bundle */; };
		F731E45B1B9FC9B400527F7A /* MBProgressHUD.m in Sources */ = {isa = PBXBuildFile; fileRef = F731E4581B9FC9B400527F7A /* MBProgressHUD.m */; };
		F731E4701B9FCB8900527F7A /* AFHTTPRequestOperation.m in Sources */ = {isa = PBXBuildFile; fileRef = F731E45E1B9FCB8900527F7A /* AFHTTPRequestOperation.m */; };
		F731E4711B9FCB8900527F7A /* AFHTTPRequestOperationManager.m in Sources */ = {isa = PBXBuildFile; fileRef = F731E4601B9FCB8900527F7A /* AFHTTPRequestOperationManager.m */; };
		F731E4721B9FCB8900527F7A /* AFHTTPSessionManager.m in Sources */ = {isa = PBXBuildFile; fileRef = F731E4621B9FCB8900527F7A /* AFHTTPSessionManager.m */; };
		F731E4731B9FCB8900527F7A /* AFNetworkReachabilityManager.m in Sources */ = {isa = PBXBuildFile; fileRef = F731E4651B9FCB8900527F7A /* AFNetworkReachabilityManager.m */; };
		F731E4741B9FCB8900527F7A /* AFSecurityPolicy.m in Sources */ = {isa = PBXBuildFile; fileRef = F731E4671B9FCB8900527F7A /* AFSecurityPolicy.m */; };
		F731E4751B9FCB8900527F7A /* AFURLConnectionOperation.m in Sources */ = {isa = PBXBuildFile; fileRef = F731E4691B9FCB8900527F7A /* AFURLConnectionOperation.m */; };
		F731E4761B9FCB8900527F7A /* AFURLRequestSerialization.m in Sources */ = {isa = PBXBuildFile; fileRef = F731E46B1B9FCB8900527F7A /* AFURLRequestSerialization.m */; };
		F731E4771B9FCB8900527F7A /* AFURLResponseSerialization.m in Sources */ = {isa = PBXBuildFile; fileRef = F731E46D1B9FCB8900527F7A /* AFURLResponseSerialization.m */; };
		F731E4781B9FCB8900527F7A /* AFURLSessionManager.m in Sources */ = {isa = PBXBuildFile; fileRef = F731E46F1B9FCB8900527F7A /* AFURLSessionManager.m */; };
		F731E4891B9FCB9400527F7A /* MJPhoto.m in Sources */ = {isa = PBXBuildFile; fileRef = F731E47B1B9FCB9400527F7A /* MJPhoto.m */; };
		F731E48A1B9FCB9400527F7A /* MJPhotoBrowser.bundle in Resources */ = {isa = PBXBuildFile; fileRef = F731E47C1B9FCB9400527F7A /* MJPhotoBrowser.bundle */; };
		F731E48B1B9FCB9400527F7A /* MJPhotoBrowser.m in Sources */ = {isa = PBXBuildFile; fileRef = F731E47E1B9FCB9400527F7A /* MJPhotoBrowser.m */; };
		F731E48C1B9FCB9400527F7A /* MJPhotoLoadingView.m in Sources */ = {isa = PBXBuildFile; fileRef = F731E4801B9FCB9400527F7A /* MJPhotoLoadingView.m */; };
		F731E48D1B9FCB9400527F7A /* MJPhotoProgressView.m in Sources */ = {isa = PBXBuildFile; fileRef = F731E4821B9FCB9400527F7A /* MJPhotoProgressView.m */; };
		F731E48E1B9FCB9400527F7A /* MJPhotoToolbar.m in Sources */ = {isa = PBXBuildFile; fileRef = F731E4841B9FCB9400527F7A /* MJPhotoToolbar.m */; };
		F731E48F1B9FCB9400527F7A /* MJPhotoView.m in Sources */ = {isa = PBXBuildFile; fileRef = F731E4861B9FCB9400527F7A /* MJPhotoView.m */; };
		F731E4901B9FCB9400527F7A /* SDWebImageManager+MJ.m in Sources */ = {isa = PBXBuildFile; fileRef = F731E4881B9FCB9400527F7A /* SDWebImageManager+MJ.m */; };
		F731E4B11B9FCB9F00527F7A /* MKAnnotationView+WebCache.m in Sources */ = {isa = PBXBuildFile; fileRef = F731E4931B9FCB9F00527F7A /* MKAnnotationView+WebCache.m */; };
		F731E4B21B9FCB9F00527F7A /* NSData+ImageContentType.m in Sources */ = {isa = PBXBuildFile; fileRef = F731E4951B9FCB9F00527F7A /* NSData+ImageContentType.m */; };
		F731E4B31B9FCB9F00527F7A /* SDImageCache.m in Sources */ = {isa = PBXBuildFile; fileRef = F731E4971B9FCB9F00527F7A /* SDImageCache.m */; };
		F731E4B41B9FCB9F00527F7A /* SDWebImageCompat.m in Sources */ = {isa = PBXBuildFile; fileRef = F731E4991B9FCB9F00527F7A /* SDWebImageCompat.m */; };
		F731E4B51B9FCB9F00527F7A /* SDWebImageDecoder.m in Sources */ = {isa = PBXBuildFile; fileRef = F731E49B1B9FCB9F00527F7A /* SDWebImageDecoder.m */; };
		F731E4B61B9FCB9F00527F7A /* SDWebImageDownloader.m in Sources */ = {isa = PBXBuildFile; fileRef = F731E49D1B9FCB9F00527F7A /* SDWebImageDownloader.m */; };
		F731E4B71B9FCB9F00527F7A /* SDWebImageDownloaderOperation.m in Sources */ = {isa = PBXBuildFile; fileRef = F731E49F1B9FCB9F00527F7A /* SDWebImageDownloaderOperation.m */; };
		F731E4B81B9FCB9F00527F7A /* SDWebImageManager.m in Sources */ = {isa = PBXBuildFile; fileRef = F731E4A11B9FCB9F00527F7A /* SDWebImageManager.m */; };
		F731E4B91B9FCB9F00527F7A /* SDWebImagePrefetcher.m in Sources */ = {isa = PBXBuildFile; fileRef = F731E4A41B9FCB9F00527F7A /* SDWebImagePrefetcher.m */; };
		F731E4BA1B9FCB9F00527F7A /* UIButton+WebCache.m in Sources */ = {isa = PBXBuildFile; fileRef = F731E4A61B9FCB9F00527F7A /* UIButton+WebCache.m */; };
		F731E4BB1B9FCB9F00527F7A /* UIImage+GIF.m in Sources */ = {isa = PBXBuildFile; fileRef = F731E4A81B9FCB9F00527F7A /* UIImage+GIF.m */; };
		F731E4BC1B9FCB9F00527F7A /* UIImage+MultiFormat.m in Sources */ = {isa = PBXBuildFile; fileRef = F731E4AA1B9FCB9F00527F7A /* UIImage+MultiFormat.m */; };
		F731E4BD1B9FCB9F00527F7A /* UIImage+WebP.m in Sources */ = {isa = PBXBuildFile; fileRef = F731E4AC1B9FCB9F00527F7A /* UIImage+WebP.m */; };
		F731E4BE1B9FCB9F00527F7A /* UIImageView+HighlightedWebCache.m in Sources */ = {isa = PBXBuildFile; fileRef = F731E4AE1B9FCB9F00527F7A /* UIImageView+HighlightedWebCache.m */; };
		F731E4BF1B9FCB9F00527F7A /* UIImageView+WebCache.m in Sources */ = {isa = PBXBuildFile; fileRef = F731E4B01B9FCB9F00527F7A /* UIImageView+WebCache.m */; };
		F78E321D1B9E8DC0005A7C34 /* MYTitleButton.m in Sources */ = {isa = PBXBuildFile; fileRef = F78E321C1B9E8DC0005A7C34 /* MYTitleButton.m */; };
		F78E32201B9E9A53005A7C34 /* MYPopView.m in Sources */ = {isa = PBXBuildFile; fileRef = F78E321F1B9E9A53005A7C34 /* MYPopView.m */; };
		F78E32231B9EB41F005A7C34 /* MYTabBar.m in Sources */ = {isa = PBXBuildFile; fileRef = F78E32221B9EB41F005A7C34 /* MYTabBar.m */; };
		F78E322B1B9EC9D2005A7C34 /* MYComposeViewController.m in Sources */ = {isa = PBXBuildFile; fileRef = F78E322A1B9EC9D2005A7C34 /* MYComposeViewController.m */; };
		F78E322E1B9ED615005A7C34 /* MYNewVersionViewController.m in Sources */ = {isa = PBXBuildFile; fileRef = F78E322D1B9ED615005A7C34 /* MYNewVersionViewController.m */; };
		F7C9FC791B9C08B5005EF60C /* main.m in Sources */ = {isa = PBXBuildFile; fileRef = F7C9FC781B9C08B5005EF60C /* main.m */; };
		F7C9FC7C1B9C08B5005EF60C /* AppDelegate.m in Sources */ = {isa = PBXBuildFile; fileRef = F7C9FC7B1B9C08B5005EF60C /* AppDelegate.m */; };
		F7C9FC841B9C08B5005EF60C /* Images.xcassets in Resources */ = {isa = PBXBuildFile; fileRef = F7C9FC831B9C08B5005EF60C /* Images.xcassets */; };
		F7C9FC871B9C08B5005EF60C /* LaunchScreen.xib in Resources */ = {isa = PBXBuildFile; fileRef = F7C9FC851B9C08B5005EF60C /* LaunchScreen.xib */; };
		F7C9FC931B9C08B5005EF60C /* sinaWeiboTests.m in Sources */ = {isa = PBXBuildFile; fileRef = F7C9FC921B9C08B5005EF60C /* sinaWeiboTests.m */; };
		F7D259BF1BA708B700D9BC6C /* MYControllerTool.m in Sources */ = {isa = PBXBuildFile; fileRef = F7D259BE1BA708B700D9BC6C /* MYControllerTool.m */; };
/* End PBXBuildFile section */

/* Begin PBXContainerItemProxy section */
		F7C9FC8D1B9C08B5005EF60C /* PBXContainerItemProxy */ = {
			isa = PBXContainerItemProxy;
			containerPortal = F7C9FC6B1B9C08B5005EF60C /* Project object */;
			proxyType = 1;
			remoteGlobalIDString = F7C9FC721B9C08B5005EF60C;
			remoteInfo = sinaWeibo;
		};
/* End PBXContainerItemProxy section */

/* Begin PBXFileReference section */
		F710A08F1B9E88E000A8D0BC /* UIBarButtonItem+Extension.h */ = {isa = PBXFileReference; fileEncoding = 4; lastKnownFileType = sourcecode.c.h; path = "UIBarButtonItem+Extension.h"; sourceTree = "<group>"; };
		F710A0901B9E88E000A8D0BC /* UIBarButtonItem+Extension.m */ = {isa = PBXFileReference; fileEncoding = 4; lastKnownFileType = sourcecode.c.objc; path = "UIBarButtonItem+Extension.m"; sourceTree = "<group>"; };
		F710A0911B9E88E000A8D0BC /* UIImage+Extern.h */ = {isa = PBXFileReference; fileEncoding = 4; lastKnownFileType = sourcecode.c.h; path = "UIImage+Extern.h"; sourceTree = "<group>"; };
		F710A0921B9E88E000A8D0BC /* UIImage+Extern.m */ = {isa = PBXFileReference; fileEncoding = 4; lastKnownFileType = sourcecode.c.objc; path = "UIImage+Extern.m"; sourceTree = "<group>"; };
		F710A0931B9E88E000A8D0BC /* UIView+Extern.h */ = {isa = PBXFileReference; fileEncoding = 4; lastKnownFileType = sourcecode.c.h; path = "UIView+Extern.h"; sourceTree = "<group>"; };
		F710A0941B9E88E000A8D0BC /* UIView+Extern.m */ = {isa = PBXFileReference; fileEncoding = 4; lastKnownFileType = sourcecode.c.objc; path = "UIView+Extern.m"; sourceTree = "<group>"; };
		F710A0991B9E892700A8D0BC /* MYSearchBar.h */ = {isa = PBXFileReference; fileEncoding = 4; lastKnownFileType = sourcecode.c.h; path = MYSearchBar.h; sourceTree = "<group>"; };
		F710A09A1B9E892700A8D0BC /* MYSearchBar.m */ = {isa = PBXFileReference; fileEncoding = 4; lastKnownFileType = sourcecode.c.objc; path = MYSearchBar.m; sourceTree = "<group>"; };
		F71D16EA1B9C36F50039CB1A /* MYHomeTableViewController.h */ = {isa = PBXFileReference; fileEncoding = 4; lastKnownFileType = sourcecode.c.h; name = MYHomeTableViewController.h; path = ../MYHomeTableViewController.h; sourceTree = "<group>"; };
		F71D16EB1B9C36F50039CB1A /* MYHomeTableViewController.m */ = {isa = PBXFileReference; fileEncoding = 4; lastKnownFileType = sourcecode.c.objc; name = MYHomeTableViewController.m; path = ../MYHomeTableViewController.m; sourceTree = "<group>"; };
		F71D16ED1B9C370C0039CB1A /* MYMeTableViewController.h */ = {isa = PBXFileReference; fileEncoding = 4; lastKnownFileType = sourcecode.c.h; path = MYMeTableViewController.h; sourceTree = "<group>"; };
		F71D16EE1B9C370C0039CB1A /* MYMeTableViewController.m */ = {isa = PBXFileReference; fileEncoding = 4; lastKnownFileType = sourcecode.c.objc; path = MYMeTableViewController.m; sourceTree = "<group>"; };
		F71D16F01B9C37190039CB1A /* MYMessageTableViewController.h */ = {isa = PBXFileReference; fileEncoding = 4; lastKnownFileType = sourcecode.c.h; path = MYMessageTableViewController.h; sourceTree = "<group>"; };
		F71D16F11B9C37190039CB1A /* MYMessageTableViewController.m */ = {isa = PBXFileReference; fileEncoding = 4; lastKnownFileType = sourcecode.c.objc; path = MYMessageTableViewController.m; sourceTree = "<group>"; };
		F71D16F31B9C37540039CB1A /* MYFindTableViewController.h */ = {isa = PBXFileReference; fileEncoding = 4; lastKnownFileType = sourcecode.c.h; path = MYFindTableViewController.h; sourceTree = "<group>"; };
		F71D16F41B9C37540039CB1A /* MYFindTableViewController.m */ = {isa = PBXFileReference; fileEncoding = 4; lastKnownFileType = sourcecode.c.objc; path = MYFindTableViewController.m; sourceTree = "<group>"; };
		F71D16F91B9C3A140039CB1A /* MYTabBarViewController.h */ = {isa = PBXFileReference; fileEncoding = 4; lastKnownFileType = sourcecode.c.h; path = MYTabBarViewController.h; sourceTree = "<group>"; };
		F71D16FA1B9C3A140039CB1A /* MYTabBarViewController.m */ = {isa = PBXFileReference; fileEncoding = 4; lastKnownFileType = sourcecode.c.objc; path = MYTabBarViewController.m; sourceTree = "<group>"; };
		F71D16FD1B9C508C0039CB1A /* MYTabNavigationController.h */ = {isa = PBXFileReference; fileEncoding = 4; lastKnownFileType = sourcecode.c.h; path = MYTabNavigationController.h; sourceTree = "<group>"; };
		F71D16FE1B9C508C0039CB1A /* MYTabNavigationController.m */ = {isa = PBXFileReference; fileEncoding = 4; lastKnownFileType = sourcecode.c.objc; path = MYTabNavigationController.m; sourceTree = "<group>"; };
		F71D17001B9C56F70039CB1A /* MYTableViewController.h */ = {isa = PBXFileReference; fileEncoding = 4; lastKnownFileType = sourcecode.c.h; path = MYTableViewController.h; sourceTree = "<group>"; };
		F71D17011B9C56F70039CB1A /* MYTableViewController.m */ = {isa = PBXFileReference; fileEncoding = 4; lastKnownFileType = sourcecode.c.objc; path = MYTableViewController.m; sourceTree = "<group>"; };
		F71D170A1B9D1DDF0039CB1A /* OneViewController.h */ = {isa = PBXFileReference; fileEncoding = 4; lastKnownFileType = sourcecode.c.h; path = OneViewController.h; sourceTree = "<group>"; };
		F71D170B1B9D1DDF0039CB1A /* OneViewController.m */ = {isa = PBXFileReference; fileEncoding = 4; lastKnownFileType = sourcecode.c.objc; path = OneViewController.m; sourceTree = "<group>"; };
		F71D170D1B9D1DEF0039CB1A /* TwoViewController.h */ = {isa = PBXFileReference; fileEncoding = 4; lastKnownFileType = sourcecode.c.h; path = TwoViewController.h; sourceTree = "<group>"; };
		F71D170E1B9D1DEF0039CB1A /* TwoViewController.m */ = {isa = PBXFileReference; fileEncoding = 4; lastKnownFileType = sourcecode.c.objc; path = TwoViewController.m; sourceTree = "<group>"; };
		F71D17101B9D1E0A0039CB1A /* OneViewController.xib */ = {isa = PBXFileReference; fileEncoding = 4; lastKnownFileType = file.xib; path = OneViewController.xib; sourceTree = "<group>"; };
		F71D17121B9D1E170039CB1A /* TwoViewController.xib */ = {isa = PBXFileReference; fileEncoding = 4; lastKnownFileType = file.xib; path = TwoViewController.xib; sourceTree = "<group>"; };
		F731E44F1B9FBF2500527F7A /* MYOAuthViewController.h */ = {isa = PBXFileReference; fileEncoding = 4; lastKnownFileType = sourcecode.c.h; path = MYOAuthViewController.h; sourceTree = "<group>"; };
		F731E4501B9FBF2500527F7A /* MYOAuthViewController.m */ = {isa = PBXFileReference; fileEncoding = 4; lastKnownFileType = sourcecode.c.objc; path = MYOAuthViewController.m; sourceTree = "<group>"; };
		F731E4541B9FC9B400527F7A /* MBProgressHUD+MJ.h */ = {isa = PBXFileReference; fileEncoding = 4; lastKnownFileType = sourcecode.c.h; path = "MBProgressHUD+MJ.h"; sourceTree = "<group>"; };
		F731E4551B9FC9B400527F7A /* MBProgressHUD+MJ.m */ = {isa = PBXFileReference; fileEncoding = 4; lastKnownFileType = sourcecode.c.objc; path = "MBProgressHUD+MJ.m"; sourceTree = "<group>"; };
		F731E4561B9FC9B400527F7A /* MBProgressHUD.bundle */ = {isa = PBXFileReference; lastKnownFileType = "wrapper.plug-in"; path = MBProgressHUD.bundle; sourceTree = "<group>"; };
		F731E4571B9FC9B400527F7A /* MBProgressHUD.h */ = {isa = PBXFileReference; fileEncoding = 4; lastKnownFileType = sourcecode.c.h; path = MBProgressHUD.h; sourceTree = "<group>"; };
		F731E4581B9FC9B400527F7A /* MBProgressHUD.m */ = {isa = PBXFileReference; fileEncoding = 4; lastKnownFileType = sourcecode.c.objc; path = MBProgressHUD.m; sourceTree = "<group>"; };
		F731E45D1B9FCB8900527F7A /* AFHTTPRequestOperation.h */ = {isa = PBXFileReference; fileEncoding = 4; lastKnownFileType = sourcecode.c.h; path = AFHTTPRequestOperation.h; sourceTree = "<group>"; };
		F731E45E1B9FCB8900527F7A /* AFHTTPRequestOperation.m */ = {isa = PBXFileReference; fileEncoding = 4; lastKnownFileType = sourcecode.c.objc; path = AFHTTPRequestOperation.m; sourceTree = "<group>"; };
		F731E45F1B9FCB8900527F7A /* AFHTTPRequestOperationManager.h */ = {isa = PBXFileReference; fileEncoding = 4; lastKnownFileType = sourcecode.c.h; path = AFHTTPRequestOperationManager.h; sourceTree = "<group>"; };
		F731E4601B9FCB8900527F7A /* AFHTTPRequestOperationManager.m */ = {isa = PBXFileReference; fileEncoding = 4; lastKnownFileType = sourcecode.c.objc; path = AFHTTPRequestOperationManager.m; sourceTree = "<group>"; };
		F731E4611B9FCB8900527F7A /* AFHTTPSessionManager.h */ = {isa = PBXFileReference; fileEncoding = 4; lastKnownFileType = sourcecode.c.h; path = AFHTTPSessionManager.h; sourceTree = "<group>"; };
		F731E4621B9FCB8900527F7A /* AFHTTPSessionManager.m */ = {isa = PBXFileReference; fileEncoding = 4; lastKnownFileType = sourcecode.c.objc; path = AFHTTPSessionManager.m; sourceTree = "<group>"; };
		F731E4631B9FCB8900527F7A /* AFNetworking.h */ = {isa = PBXFileReference; fileEncoding = 4; lastKnownFileType = sourcecode.c.h; path = AFNetworking.h; sourceTree = "<group>"; };
		F731E4641B9FCB8900527F7A /* AFNetworkReachabilityManager.h */ = {isa = PBXFileReference; fileEncoding = 4; lastKnownFileType = sourcecode.c.h; path = AFNetworkReachabilityManager.h; sourceTree = "<group>"; };
		F731E4651B9FCB8900527F7A /* AFNetworkReachabilityManager.m */ = {isa = PBXFileReference; fileEncoding = 4; lastKnownFileType = sourcecode.c.objc; path = AFNetworkReachabilityManager.m; sourceTree = "<group>"; };
		F731E4661B9FCB8900527F7A /* AFSecurityPolicy.h */ = {isa = PBXFileReference; fileEncoding = 4; lastKnownFileType = sourcecode.c.h; path = AFSecurityPolicy.h; sourceTree = "<group>"; };
		F731E4671B9FCB8900527F7A /* AFSecurityPolicy.m */ = {isa = PBXFileReference; fileEncoding = 4; lastKnownFileType = sourcecode.c.objc; path = AFSecurityPolicy.m; sourceTree = "<group>"; };
		F731E4681B9FCB8900527F7A /* AFURLConnectionOperation.h */ = {isa = PBXFileReference; fileEncoding = 4; lastKnownFileType = sourcecode.c.h; path = AFURLConnectionOperation.h; sourceTree = "<group>"; };
		F731E4691B9FCB8900527F7A /* AFURLConnectionOperation.m */ = {isa = PBXFileReference; fileEncoding = 4; lastKnownFileType = sourcecode.c.objc; path = AFURLConnectionOperation.m; sourceTree = "<group>"; };
		F731E46A1B9FCB8900527F7A /* AFURLRequestSerialization.h */ = {isa = PBXFileReference; fileEncoding = 4; lastKnownFileType = sourcecode.c.h; path = AFURLRequestSerialization.h; sourceTree = "<group>"; };
		F731E46B1B9FCB8900527F7A /* AFURLRequestSerialization.m */ = {isa = PBXFileReference; fileEncoding = 4; lastKnownFileType = sourcecode.c.objc; path = AFURLRequestSerialization.m; sourceTree = "<group>"; };
		F731E46C1B9FCB8900527F7A /* AFURLResponseSerialization.h */ = {isa = PBXFileReference; fileEncoding = 4; lastKnownFileType = sourcecode.c.h; path = AFURLResponseSerialization.h; sourceTree = "<group>"; };
		F731E46D1B9FCB8900527F7A /* AFURLResponseSerialization.m */ = {isa = PBXFileReference; fileEncoding = 4; lastKnownFileType = sourcecode.c.objc; path = AFURLResponseSerialization.m; sourceTree = "<group>"; };
		F731E46E1B9FCB8900527F7A /* AFURLSessionManager.h */ = {isa = PBXFileReference; fileEncoding = 4; lastKnownFileType = sourcecode.c.h; path = AFURLSessionManager.h; sourceTree = "<group>"; };
		F731E46F1B9FCB8900527F7A /* AFURLSessionManager.m */ = {isa = PBXFileReference; fileEncoding = 4; lastKnownFileType = sourcecode.c.objc; path = AFURLSessionManager.m; sourceTree = "<group>"; };
		F731E47A1B9FCB9400527F7A /* MJPhoto.h */ = {isa = PBXFileReference; fileEncoding = 4; lastKnownFileType = sourcecode.c.h; path = MJPhoto.h; sourceTree = "<group>"; };
		F731E47B1B9FCB9400527F7A /* MJPhoto.m */ = {isa = PBXFileReference; fileEncoding = 4; lastKnownFileType = sourcecode.c.objc; path = MJPhoto.m; sourceTree = "<group>"; };
		F731E47C1B9FCB9400527F7A /* MJPhotoBrowser.bundle */ = {isa = PBXFileReference; lastKnownFileType = "wrapper.plug-in"; path = MJPhotoBrowser.bundle; sourceTree = "<group>"; };
		F731E47D1B9FCB9400527F7A /* MJPhotoBrowser.h */ = {isa = PBXFileReference; fileEncoding = 4; lastKnownFileType = sourcecode.c.h; path = MJPhotoBrowser.h; sourceTree = "<group>"; };
		F731E47E1B9FCB9400527F7A /* MJPhotoBrowser.m */ = {isa = PBXFileReference; fileEncoding = 4; lastKnownFileType = sourcecode.c.objc; path = MJPhotoBrowser.m; sourceTree = "<group>"; };
		F731E47F1B9FCB9400527F7A /* MJPhotoLoadingView.h */ = {isa = PBXFileReference; fileEncoding = 4; lastKnownFileType = sourcecode.c.h; path = MJPhotoLoadingView.h; sourceTree = "<group>"; };
		F731E4801B9FCB9400527F7A /* MJPhotoLoadingView.m */ = {isa = PBXFileReference; fileEncoding = 4; lastKnownFileType = sourcecode.c.objc; path = MJPhotoLoadingView.m; sourceTree = "<group>"; };
		F731E4811B9FCB9400527F7A /* MJPhotoProgressView.h */ = {isa = PBXFileReference; fileEncoding = 4; lastKnownFileType = sourcecode.c.h; path = MJPhotoProgressView.h; sourceTree = "<group>"; };
		F731E4821B9FCB9400527F7A /* MJPhotoProgressView.m */ = {isa = PBXFileReference; fileEncoding = 4; lastKnownFileType = sourcecode.c.objc; path = MJPhotoProgressView.m; sourceTree = "<group>"; };
		F731E4831B9FCB9400527F7A /* MJPhotoToolbar.h */ = {isa = PBXFileReference; fileEncoding = 4; lastKnownFileType = sourcecode.c.h; path = MJPhotoToolbar.h; sourceTree = "<group>"; };
		F731E4841B9FCB9400527F7A /* MJPhotoToolbar.m */ = {isa = PBXFileReference; fileEncoding = 4; lastKnownFileType = sourcecode.c.objc; path = MJPhotoToolbar.m; sourceTree = "<group>"; };
		F731E4851B9FCB9400527F7A /* MJPhotoView.h */ = {isa = PBXFileReference; fileEncoding = 4; lastKnownFileType = sourcecode.c.h; path = MJPhotoView.h; sourceTree = "<group>"; };
		F731E4861B9FCB9400527F7A /* MJPhotoView.m */ = {isa = PBXFileReference; fileEncoding = 4; lastKnownFileType = sourcecode.c.objc; path = MJPhotoView.m; sourceTree = "<group>"; };
		F731E4871B9FCB9400527F7A /* SDWebImageManager+MJ.h */ = {isa = PBXFileReference; fileEncoding = 4; lastKnownFileType = sourcecode.c.h; path = "SDWebImageManager+MJ.h"; sourceTree = "<group>"; };
		F731E4881B9FCB9400527F7A /* SDWebImageManager+MJ.m */ = {isa = PBXFileReference; fileEncoding = 4; lastKnownFileType = sourcecode.c.objc; path = "SDWebImageManager+MJ.m"; sourceTree = "<group>"; };
		F731E4921B9FCB9F00527F7A /* MKAnnotationView+WebCache.h */ = {isa = PBXFileReference; fileEncoding = 4; lastKnownFileType = sourcecode.c.h; path = "MKAnnotationView+WebCache.h"; sourceTree = "<group>"; };
		F731E4931B9FCB9F00527F7A /* MKAnnotationView+WebCache.m */ = {isa = PBXFileReference; fileEncoding = 4; lastKnownFileType = sourcecode.c.objc; path = "MKAnnotationView+WebCache.m"; sourceTree = "<group>"; };
		F731E4941B9FCB9F00527F7A /* NSData+ImageContentType.h */ = {isa = PBXFileReference; fileEncoding = 4; lastKnownFileType = sourcecode.c.h; path = "NSData+ImageContentType.h"; sourceTree = "<group>"; };
		F731E4951B9FCB9F00527F7A /* NSData+ImageContentType.m */ = {isa = PBXFileReference; fileEncoding = 4; lastKnownFileType = sourcecode.c.objc; path = "NSData+ImageContentType.m"; sourceTree = "<group>"; };
		F731E4961B9FCB9F00527F7A /* SDImageCache.h */ = {isa = PBXFileReference; fileEncoding = 4; lastKnownFileType = sourcecode.c.h; path = SDImageCache.h; sourceTree = "<group>"; };
		F731E4971B9FCB9F00527F7A /* SDImageCache.m */ = {isa = PBXFileReference; fileEncoding = 4; lastKnownFileType = sourcecode.c.objc; path = SDImageCache.m; sourceTree = "<group>"; };
		F731E4981B9FCB9F00527F7A /* SDWebImageCompat.h */ = {isa = PBXFileReference; fileEncoding = 4; lastKnownFileType = sourcecode.c.h; path = SDWebImageCompat.h; sourceTree = "<group>"; };
		F731E4991B9FCB9F00527F7A /* SDWebImageCompat.m */ = {isa = PBXFileReference; fileEncoding = 4; lastKnownFileType = sourcecode.c.objc; path = SDWebImageCompat.m; sourceTree = "<group>"; };
		F731E49A1B9FCB9F00527F7A /* SDWebImageDecoder.h */ = {isa = PBXFileReference; fileEncoding = 4; lastKnownFileType = sourcecode.c.h; path = SDWebImageDecoder.h; sourceTree = "<group>"; };
		F731E49B1B9FCB9F00527F7A /* SDWebImageDecoder.m */ = {isa = PBXFileReference; fileEncoding = 4; lastKnownFileType = sourcecode.c.objc; path = SDWebImageDecoder.m; sourceTree = "<group>"; };
		F731E49C1B9FCB9F00527F7A /* SDWebImageDownloader.h */ = {isa = PBXFileReference; fileEncoding = 4; lastKnownFileType = sourcecode.c.h; path = SDWebImageDownloader.h; sourceTree = "<group>"; };
		F731E49D1B9FCB9F00527F7A /* SDWebImageDownloader.m */ = {isa = PBXFileReference; fileEncoding = 4; lastKnownFileType = sourcecode.c.objc; path = SDWebImageDownloader.m; sourceTree = "<group>"; };
		F731E49E1B9FCB9F00527F7A /* SDWebImageDownloaderOperation.h */ = {isa = PBXFileReference; fileEncoding = 4; lastKnownFileType = sourcecode.c.h; path = SDWebImageDownloaderOperation.h; sourceTree = "<group>"; };
		F731E49F1B9FCB9F00527F7A /* SDWebImageDownloaderOperation.m */ = {isa = PBXFileReference; fileEncoding = 4; lastKnownFileType = sourcecode.c.objc; path = SDWebImageDownloaderOperation.m; sourceTree = "<group>"; };
		F731E4A01B9FCB9F00527F7A /* SDWebImageManager.h */ = {isa = PBXFileReference; fileEncoding = 4; lastKnownFileType = sourcecode.c.h; path = SDWebImageManager.h; sourceTree = "<group>"; };
		F731E4A11B9FCB9F00527F7A /* SDWebImageManager.m */ = {isa = PBXFileReference; fileEncoding = 4; lastKnownFileType = sourcecode.c.objc; path = SDWebImageManager.m; sourceTree = "<group>"; };
		F731E4A21B9FCB9F00527F7A /* SDWebImageOperation.h */ = {isa = PBXFileReference; fileEncoding = 4; lastKnownFileType = sourcecode.c.h; path = SDWebImageOperation.h; sourceTree = "<group>"; };
		F731E4A31B9FCB9F00527F7A /* SDWebImagePrefetcher.h */ = {isa = PBXFileReference; fileEncoding = 4; lastKnownFileType = sourcecode.c.h; path = SDWebImagePrefetcher.h; sourceTree = "<group>"; };
		F731E4A41B9FCB9F00527F7A /* SDWebImagePrefetcher.m */ = {isa = PBXFileReference; fileEncoding = 4; lastKnownFileType = sourcecode.c.objc; path = SDWebImagePrefetcher.m; sourceTree = "<group>"; };
		F731E4A51B9FCB9F00527F7A /* UIButton+WebCache.h */ = {isa = PBXFileReference; fileEncoding = 4; lastKnownFileType = sourcecode.c.h; path = "UIButton+WebCache.h"; sourceTree = "<group>"; };
		F731E4A61B9FCB9F00527F7A /* UIButton+WebCache.m */ = {isa = PBXFileReference; fileEncoding = 4; lastKnownFileType = sourcecode.c.objc; path = "UIButton+WebCache.m"; sourceTree = "<group>"; };
		F731E4A71B9FCB9F00527F7A /* UIImage+GIF.h */ = {isa = PBXFileReference; fileEncoding = 4; lastKnownFileType = sourcecode.c.h; path = "UIImage+GIF.h"; sourceTree = "<group>"; };
		F731E4A81B9FCB9F00527F7A /* UIImage+GIF.m */ = {isa = PBXFileReference; fileEncoding = 4; lastKnownFileType = sourcecode.c.objc; path = "UIImage+GIF.m"; sourceTree = "<group>"; };
		F731E4A91B9FCB9F00527F7A /* UIImage+MultiFormat.h */ = {isa = PBXFileReference; fileEncoding = 4; lastKnownFileType = sourcecode.c.h; path = "UIImage+MultiFormat.h"; sourceTree = "<group>"; };
		F731E4AA1B9FCB9F00527F7A /* UIImage+MultiFormat.m */ = {isa = PBXFileReference; fileEncoding = 4; lastKnownFileType = sourcecode.c.objc; path = "UIImage+MultiFormat.m"; sourceTree = "<group>"; };
		F731E4AB1B9FCB9F00527F7A /* UIImage+WebP.h */ = {isa = PBXFileReference; fileEncoding = 4; lastKnownFileType = sourcecode.c.h; path = "UIImage+WebP.h"; sourceTree = "<group>"; };
		F731E4AC1B9FCB9F00527F7A /* UIImage+WebP.m */ = {isa = PBXFileReference; fileEncoding = 4; lastKnownFileType = sourcecode.c.objc; path = "UIImage+WebP.m"; sourceTree = "<group>"; };
		F731E4AD1B9FCB9F00527F7A /* UIImageView+HighlightedWebCache.h */ = {isa = PBXFileReference; fileEncoding = 4; lastKnownFileType = sourcecode.c.h; path = "UIImageView+HighlightedWebCache.h"; sourceTree = "<group>"; };
		F731E4AE1B9FCB9F00527F7A /* UIImageView+HighlightedWebCache.m */ = {isa = PBXFileReference; fileEncoding = 4; lastKnownFileType = sourcecode.c.objc; path = "UIImageView+HighlightedWebCache.m"; sourceTree = "<group>"; };
		F731E4AF1B9FCB9F00527F7A /* UIImageView+WebCache.h */ = {isa = PBXFileReference; fileEncoding = 4; lastKnownFileType = sourcecode.c.h; path = "UIImageView+WebCache.h"; sourceTree = "<group>"; };
		F731E4B01B9FCB9F00527F7A /* UIImageView+WebCache.m */ = {isa = PBXFileReference; fileEncoding = 4; lastKnownFileType = sourcecode.c.objc; path = "UIImageView+WebCache.m"; sourceTree = "<group>"; };
		F78E321B1B9E8DC0005A7C34 /* MYTitleButton.h */ = {isa = PBXFileReference; fileEncoding = 4; lastKnownFileType = sourcecode.c.h; path = MYTitleButton.h; sourceTree = "<group>"; };
		F78E321C1B9E8DC0005A7C34 /* MYTitleButton.m */ = {isa = PBXFileReference; fileEncoding = 4; lastKnownFileType = sourcecode.c.objc; path = MYTitleButton.m; sourceTree = "<group>"; };
		F78E321E1B9E9A53005A7C34 /* MYPopView.h */ = {isa = PBXFileReference; fileEncoding = 4; lastKnownFileType = sourcecode.c.h; path = MYPopView.h; sourceTree = "<group>"; };
		F78E321F1B9E9A53005A7C34 /* MYPopView.m */ = {isa = PBXFileReference; fileEncoding = 4; lastKnownFileType = sourcecode.c.objc; path = MYPopView.m; sourceTree = "<group>"; };
		F78E32211B9EB41F005A7C34 /* MYTabBar.h */ = {isa = PBXFileReference; fileEncoding = 4; lastKnownFileType = sourcecode.c.h; path = MYTabBar.h; sourceTree = "<group>"; };
		F78E32221B9EB41F005A7C34 /* MYTabBar.m */ = {isa = PBXFileReference; fileEncoding = 4; lastKnownFileType = sourcecode.c.objc; path = MYTabBar.m; sourceTree = "<group>"; };
		F78E32291B9EC9D2005A7C34 /* MYComposeViewController.h */ = {isa = PBXFileReference; fileEncoding = 4; lastKnownFileType = sourcecode.c.h; path = MYComposeViewController.h; sourceTree = "<group>"; };
		F78E322A1B9EC9D2005A7C34 /* MYComposeViewController.m */ = {isa = PBXFileReference; fileEncoding = 4; lastKnownFileType = sourcecode.c.objc; path = MYComposeViewController.m; sourceTree = "<group>"; };
		F78E322C1B9ED615005A7C34 /* MYNewVersionViewController.h */ = {isa = PBXFileReference; fileEncoding = 4; lastKnownFileType = sourcecode.c.h; path = MYNewVersionViewController.h; sourceTree = "<group>"; };
		F78E322D1B9ED615005A7C34 /* MYNewVersionViewController.m */ = {isa = PBXFileReference; fileEncoding = 4; lastKnownFileType = sourcecode.c.objc; path = MYNewVersionViewController.m; sourceTree = "<group>"; };
		F7C9FC731B9C08B5005EF60C /* sinaWeibo.app */ = {isa = PBXFileReference; explicitFileType = wrapper.application; includeInIndex = 0; path = sinaWeibo.app; sourceTree = BUILT_PRODUCTS_DIR; };
		F7C9FC771B9C08B5005EF60C /* Info.plist */ = {isa = PBXFileReference; lastKnownFileType = text.plist.xml; path = Info.plist; sourceTree = "<group>"; };
		F7C9FC781B9C08B5005EF60C /* main.m */ = {isa = PBXFileReference; lastKnownFileType = sourcecode.c.objc; path = main.m; sourceTree = "<group>"; };
		F7C9FC7A1B9C08B5005EF60C /* AppDelegate.h */ = {isa = PBXFileReference; lastKnownFileType = sourcecode.c.h; path = AppDelegate.h; sourceTree = "<group>"; };
		F7C9FC7B1B9C08B5005EF60C /* AppDelegate.m */ = {isa = PBXFileReference; lastKnownFileType = sourcecode.c.objc; path = AppDelegate.m; sourceTree = "<group>"; };
		F7C9FC831B9C08B5005EF60C /* Images.xcassets */ = {isa = PBXFileReference; lastKnownFileType = folder.assetcatalog; path = Images.xcassets; sourceTree = "<group>"; };
		F7C9FC861B9C08B5005EF60C /* Base */ = {isa = PBXFileReference; lastKnownFileType = file.xib; name = Base; path = Base.lproj/LaunchScreen.xib; sourceTree = "<group>"; };
		F7C9FC8C1B9C08B5005EF60C /* sinaWeiboTests.xctest */ = {isa = PBXFileReference; explicitFileType = wrapper.cfbundle; includeInIndex = 0; path = sinaWeiboTests.xctest; sourceTree = BUILT_PRODUCTS_DIR; };
		F7C9FC911B9C08B5005EF60C /* Info.plist */ = {isa = PBXFileReference; lastKnownFileType = text.plist.xml; path = Info.plist; sourceTree = "<group>"; };
		F7C9FC921B9C08B5005EF60C /* sinaWeiboTests.m */ = {isa = PBXFileReference; lastKnownFileType = sourcecode.c.objc; path = sinaWeiboTests.m; sourceTree = "<group>"; };
		F7C9FCB81B9C182A005EF60C /* sinaWeibo.pch */ = {isa = PBXFileReference; lastKnownFileType = sourcecode.c.h; path = sinaWeibo.pch; sourceTree = "<group>"; };
		F7D259BD1BA708B700D9BC6C /* MYControllerTool.h */ = {isa = PBXFileReference; fileEncoding = 4; lastKnownFileType = sourcecode.c.h; path = MYControllerTool.h; sourceTree = "<group>"; };
		F7D259BE1BA708B700D9BC6C /* MYControllerTool.m */ = {isa = PBXFileReference; fileEncoding = 4; lastKnownFileType = sourcecode.c.objc; path = MYControllerTool.m; sourceTree = "<group>"; };
/* End PBXFileReference section */

/* Begin PBXFrameworksBuildPhase section */
		F7C9FC701B9C08B5005EF60C /* Frameworks */ = {
			isa = PBXFrameworksBuildPhase;
			buildActionMask = 2147483647;
			files = (
			);
			runOnlyForDeploymentPostprocessing = 0;
		};
		F7C9FC891B9C08B5005EF60C /* Frameworks */ = {
			isa = PBXFrameworksBuildPhase;
			buildActionMask = 2147483647;
			files = (
			);
			runOnlyForDeploymentPostprocessing = 0;
		};
/* End PBXFrameworksBuildPhase section */

/* Begin PBXGroup section */
		F710A08E1B9E88E000A8D0BC /* Cateory */ = {
			isa = PBXGroup;
			children = (
				F710A08F1B9E88E000A8D0BC /* UIBarButtonItem+Extension.h */,
				F710A0901B9E88E000A8D0BC /* UIBarButtonItem+Extension.m */,
				F710A0911B9E88E000A8D0BC /* UIImage+Extern.h */,
				F710A0921B9E88E000A8D0BC /* UIImage+Extern.m */,
				F710A0931B9E88E000A8D0BC /* UIView+Extern.h */,
				F710A0941B9E88E000A8D0BC /* UIView+Extern.m */,
			);
			path = Cateory;
			sourceTree = "<group>";
		};
		F710A0981B9E891300A8D0BC /* Widget */ = {
			isa = PBXGroup;
			children = (
				F710A0991B9E892700A8D0BC /* MYSearchBar.h */,
				F710A09A1B9E892700A8D0BC /* MYSearchBar.m */,
				F78E321B1B9E8DC0005A7C34 /* MYTitleButton.h */,
				F78E321C1B9E8DC0005A7C34 /* MYTitleButton.m */,
				F78E321E1B9E9A53005A7C34 /* MYPopView.h */,
				F78E321F1B9E9A53005A7C34 /* MYPopView.m */,
				F78E32211B9EB41F005A7C34 /* MYTabBar.h */,
				F78E32221B9EB41F005A7C34 /* MYTabBar.m */,
			);
			path = Widget;
			sourceTree = "<group>";
		};
		F71D16F61B9C3A140039CB1A /* Main */ = {
			isa = PBXGroup;
			children = (
				F731E4521B9FC99600527F7A /* Libs */,
				F71D16FC1B9C3A2E0039CB1A /* Model */,
				F71D16F71B9C3A140039CB1A /* View */,
				F71D16F81B9C3A140039CB1A /* ViewController */,
			);
			path = Main;
			sourceTree = "<group>";
		};
		F71D16F71B9C3A140039CB1A /* View */ = {
			isa = PBXGroup;
			children = (
			);
			path = View;
			sourceTree = "<group>";
		};
		F71D16F81B9C3A140039CB1A /* ViewController */ = {
			isa = PBXGroup;
			children = (
				F71D16F91B9C3A140039CB1A /* MYTabBarViewController.h */,
				F71D16FA1B9C3A140039CB1A /* MYTabBarViewController.m */,
				F71D16FD1B9C508C0039CB1A /* MYTabNavigationController.h */,
				F71D16FE1B9C508C0039CB1A /* MYTabNavigationController.m */,
				F78E322C1B9ED615005A7C34 /* MYNewVersionViewController.h */,
				F78E322D1B9ED615005A7C34 /* MYNewVersionViewController.m */,
			);
			path = ViewController;
			sourceTree = "<group>";
		};
		F71D16FC1B9C3A2E0039CB1A /* Model */ = {
			isa = PBXGroup;
			children = (
			);
			name = Model;
			path = ViewController/Model;
			sourceTree = "<group>";
		};
		F71D17091B9D1DBC0039CB1A /* Temp */ = {
			isa = PBXGroup;
			children = (
				F71D170A1B9D1DDF0039CB1A /* OneViewController.h */,
				F71D170B1B9D1DDF0039CB1A /* OneViewController.m */,
				F71D17101B9D1E0A0039CB1A /* OneViewController.xib */,
				F71D170D1B9D1DEF0039CB1A /* TwoViewController.h */,
				F71D170E1B9D1DEF0039CB1A /* TwoViewController.m */,
				F71D17121B9D1E170039CB1A /* TwoViewController.xib */,
			);
			path = Temp;
			sourceTree = "<group>";
		};
		F731E44A1B9FBF0900527F7A /* OAuth(授权) */ = {
			isa = PBXGroup;
			children = (
				F731E44B1B9FBF0900527F7A /* Controller */,
				F731E44C1B9FBF0900527F7A /* Model */,
				F731E44D1B9FBF0900527F7A /* Other */,
				F731E44E1B9FBF0900527F7A /* VIew */,
			);
			path = "OAuth(授权)";
			sourceTree = "<group>";
		};
		F731E44B1B9FBF0900527F7A /* Controller */ = {
			isa = PBXGroup;
			children = (
				F731E44F1B9FBF2500527F7A /* MYOAuthViewController.h */,
				F731E4501B9FBF2500527F7A /* MYOAuthViewController.m */,
			);
			path = Controller;
			sourceTree = "<group>";
		};
		F731E44C1B9FBF0900527F7A /* Model */ = {
			isa = PBXGroup;
			children = (
			);
			path = Model;
			sourceTree = "<group>";
		};
		F731E44D1B9FBF0900527F7A /* Other */ = {
			isa = PBXGroup;
			children = (
			);
			path = Other;
			sourceTree = "<group>";
		};
		F731E44E1B9FBF0900527F7A /* VIew */ = {
			isa = PBXGroup;
			children = (
			);
			path = VIew;
			sourceTree = "<group>";
		};
		F731E4521B9FC99600527F7A /* Libs */ = {
			isa = PBXGroup;
			children = (
				F731E4911B9FCB9F00527F7A /* SDWebImage */,
				F731E4791B9FCB9400527F7A /* MJPhotoBrowser */,
				F731E45C1B9FCB8900527F7A /* AFNetworking */,
				F731E4531B9FC9B400527F7A /* MBProgressHUD */,
			);
			path = Libs;
			sourceTree = "<group>";
		};
		F731E4531B9FC9B400527F7A /* MBProgressHUD */ = {
			isa = PBXGroup;
			children = (
				F731E4541B9FC9B400527F7A /* MBProgressHUD+MJ.h */,
				F731E4551B9FC9B400527F7A /* MBProgressHUD+MJ.m */,
				F731E4561B9FC9B400527F7A /* MBProgressHUD.bundle */,
				F731E4571B9FC9B400527F7A /* MBProgressHUD.h */,
				F731E4581B9FC9B400527F7A /* MBProgressHUD.m */,
			);
			path = MBProgressHUD;
			sourceTree = "<group>";
		};
		F731E45C1B9FCB8900527F7A /* AFNetworking */ = {
			isa = PBXGroup;
			children = (
				F731E45D1B9FCB8900527F7A /* AFHTTPRequestOperation.h */,
				F731E45E1B9FCB8900527F7A /* AFHTTPRequestOperation.m */,
				F731E45F1B9FCB8900527F7A /* AFHTTPRequestOperationManager.h */,
				F731E4601B9FCB8900527F7A /* AFHTTPRequestOperationManager.m */,
				F731E4611B9FCB8900527F7A /* AFHTTPSessionManager.h */,
				F731E4621B9FCB8900527F7A /* AFHTTPSessionManager.m */,
				F731E4631B9FCB8900527F7A /* AFNetworking.h */,
				F731E4641B9FCB8900527F7A /* AFNetworkReachabilityManager.h */,
				F731E4651B9FCB8900527F7A /* AFNetworkReachabilityManager.m */,
				F731E4661B9FCB8900527F7A /* AFSecurityPolicy.h */,
				F731E4671B9FCB8900527F7A /* AFSecurityPolicy.m */,
				F731E4681B9FCB8900527F7A /* AFURLConnectionOperation.h */,
				F731E4691B9FCB8900527F7A /* AFURLConnectionOperation.m */,
				F731E46A1B9FCB8900527F7A /* AFURLRequestSerialization.h */,
				F731E46B1B9FCB8900527F7A /* AFURLRequestSerialization.m */,
				F731E46C1B9FCB8900527F7A /* AFURLResponseSerialization.h */,
				F731E46D1B9FCB8900527F7A /* AFURLResponseSerialization.m */,
				F731E46E1B9FCB8900527F7A /* AFURLSessionManager.h */,
				F731E46F1B9FCB8900527F7A /* AFURLSessionManager.m */,
			);
			path = AFNetworking;
			sourceTree = "<group>";
		};
		F731E4791B9FCB9400527F7A /* MJPhotoBrowser */ = {
			isa = PBXGroup;
			children = (
				F731E47A1B9FCB9400527F7A /* MJPhoto.h */,
				F731E47B1B9FCB9400527F7A /* MJPhoto.m */,
				F731E47C1B9FCB9400527F7A /* MJPhotoBrowser.bundle */,
				F731E47D1B9FCB9400527F7A /* MJPhotoBrowser.h */,
				F731E47E1B9FCB9400527F7A /* MJPhotoBrowser.m */,
				F731E47F1B9FCB9400527F7A /* MJPhotoLoadingView.h */,
				F731E4801B9FCB9400527F7A /* MJPhotoLoadingView.m */,
				F731E4811B9FCB9400527F7A /* MJPhotoProgressView.h */,
				F731E4821B9FCB9400527F7A /* MJPhotoProgressView.m */,
				F731E4831B9FCB9400527F7A /* MJPhotoToolbar.h */,
				F731E4841B9FCB9400527F7A /* MJPhotoToolbar.m */,
				F731E4851B9FCB9400527F7A /* MJPhotoView.h */,
				F731E4861B9FCB9400527F7A /* MJPhotoView.m */,
				F731E4871B9FCB9400527F7A /* SDWebImageManager+MJ.h */,
				F731E4881B9FCB9400527F7A /* SDWebImageManager+MJ.m */,
			);
			path = MJPhotoBrowser;
			sourceTree = "<group>";
		};
		F731E4911B9FCB9F00527F7A /* SDWebImage */ = {
			isa = PBXGroup;
			children = (
				F731E4921B9FCB9F00527F7A /* MKAnnotationView+WebCache.h */,
				F731E4931B9FCB9F00527F7A /* MKAnnotationView+WebCache.m */,
				F731E4941B9FCB9F00527F7A /* NSData+ImageContentType.h */,
				F731E4951B9FCB9F00527F7A /* NSData+ImageContentType.m */,
				F731E4961B9FCB9F00527F7A /* SDImageCache.h */,
				F731E4971B9FCB9F00527F7A /* SDImageCache.m */,
				F731E4981B9FCB9F00527F7A /* SDWebImageCompat.h */,
				F731E4991B9FCB9F00527F7A /* SDWebImageCompat.m */,
				F731E49A1B9FCB9F00527F7A /* SDWebImageDecoder.h */,
				F731E49B1B9FCB9F00527F7A /* SDWebImageDecoder.m */,
				F731E49C1B9FCB9F00527F7A /* SDWebImageDownloader.h */,
				F731E49D1B9FCB9F00527F7A /* SDWebImageDownloader.m */,
				F731E49E1B9FCB9F00527F7A /* SDWebImageDownloaderOperation.h */,
				F731E49F1B9FCB9F00527F7A /* SDWebImageDownloaderOperation.m */,
				F731E4A01B9FCB9F00527F7A /* SDWebImageManager.h */,
				F731E4A11B9FCB9F00527F7A /* SDWebImageManager.m */,
				F731E4A21B9FCB9F00527F7A /* SDWebImageOperation.h */,
				F731E4A31B9FCB9F00527F7A /* SDWebImagePrefetcher.h */,
				F731E4A41B9FCB9F00527F7A /* SDWebImagePrefetcher.m */,
				F731E4A51B9FCB9F00527F7A /* UIButton+WebCache.h */,
				F731E4A61B9FCB9F00527F7A /* UIButton+WebCache.m */,
				F731E4A71B9FCB9F00527F7A /* UIImage+GIF.h */,
				F731E4A81B9FCB9F00527F7A /* UIImage+GIF.m */,
				F731E4A91B9FCB9F00527F7A /* UIImage+MultiFormat.h */,
				F731E4AA1B9FCB9F00527F7A /* UIImage+MultiFormat.m */,
				F731E4AB1B9FCB9F00527F7A /* UIImage+WebP.h */,
				F731E4AC1B9FCB9F00527F7A /* UIImage+WebP.m */,
				F731E4AD1B9FCB9F00527F7A /* UIImageView+HighlightedWebCache.h */,
				F731E4AE1B9FCB9F00527F7A /* UIImageView+HighlightedWebCache.m */,
				F731E4AF1B9FCB9F00527F7A /* UIImageView+WebCache.h */,
				F731E4B01B9FCB9F00527F7A /* UIImageView+WebCache.m */,
			);
			path = SDWebImage;
			sourceTree = "<group>";
		};
		F78E32241B9EC977005A7C34 /* Compose */ = {
			isa = PBXGroup;
			children = (
				F731E44A1B9FBF0900527F7A /* OAuth(授权) */,
				F78E32251B9EC977005A7C34 /* Controller */,
				F78E32261B9EC977005A7C34 /* Model */,
				F78E32271B9EC977005A7C34 /* Other */,
				F78E32281B9EC977005A7C34 /* VIew */,
			);
			path = Compose;
			sourceTree = "<group>";
		};
		F78E32251B9EC977005A7C34 /* Controller */ = {
			isa = PBXGroup;
			children = (
				F78E32291B9EC9D2005A7C34 /* MYComposeViewController.h */,
				F78E322A1B9EC9D2005A7C34 /* MYComposeViewController.m */,
			);
			path = Controller;
			sourceTree = "<group>";
		};
		F78E32261B9EC977005A7C34 /* Model */ = {
			isa = PBXGroup;
			children = (
			);
			path = Model;
			sourceTree = "<group>";
		};
		F78E32271B9EC977005A7C34 /* Other */ = {
			isa = PBXGroup;
			children = (
			);
			path = Other;
			sourceTree = "<group>";
		};
		F78E32281B9EC977005A7C34 /* VIew */ = {
			isa = PBXGroup;
			children = (
			);
			path = VIew;
			sourceTree = "<group>";
		};
		F7C9FC6A1B9C08B5005EF60C = {
			isa = PBXGroup;
			children = (
				F7C9FC751B9C08B5005EF60C /* sinaWeibo */,
				F7C9FC8F1B9C08B5005EF60C /* sinaWeiboTests */,
				F7C9FC741B9C08B5005EF60C /* Products */,
			);
			sourceTree = "<group>";
		};
		F7C9FC741B9C08B5005EF60C /* Products */ = {
			isa = PBXGroup;
			children = (
				F7C9FC731B9C08B5005EF60C /* sinaWeibo.app */,
				F7C9FC8C1B9C08B5005EF60C /* sinaWeiboTests.xctest */,
			);
			name = Products;
			sourceTree = "<group>";
		};
		F7C9FC751B9C08B5005EF60C /* sinaWeibo */ = {
			isa = PBXGroup;
			children = (
				F7C9FC9C1B9C1131005EF60C /* classes */,
				F7C9FC7A1B9C08B5005EF60C /* AppDelegate.h */,
				F7C9FC7B1B9C08B5005EF60C /* AppDelegate.m */,
				F7C9FC831B9C08B5005EF60C /* Images.xcassets */,
				F7C9FC851B9C08B5005EF60C /* LaunchScreen.xib */,
				F7C9FC761B9C08B5005EF60C /* Supporting Files */,
			);
			path = sinaWeibo;
			sourceTree = "<group>";
		};
		F7C9FC761B9C08B5005EF60C /* Supporting Files */ = {
			isa = PBXGroup;
			children = (
				F7C9FC771B9C08B5005EF60C /* Info.plist */,
				F7C9FC781B9C08B5005EF60C /* main.m */,
				F7C9FCB81B9C182A005EF60C /* sinaWeibo.pch */,
			);
			name = "Supporting Files";
			sourceTree = "<group>";
		};
		F7C9FC8F1B9C08B5005EF60C /* sinaWeiboTests */ = {
			isa = PBXGroup;
			children = (
				F7C9FC921B9C08B5005EF60C /* sinaWeiboTests.m */,
				F7C9FC901B9C08B5005EF60C /* Supporting Files */,
			);
			path = sinaWeiboTests;
			sourceTree = "<group>";
		};
		F7C9FC901B9C08B5005EF60C /* Supporting Files */ = {
			isa = PBXGroup;
			children = (
				F7C9FC911B9C08B5005EF60C /* Info.plist */,
			);
			name = "Supporting Files";
			sourceTree = "<group>";
		};
		F7C9FC9C1B9C1131005EF60C /* classes */ = {
			isa = PBXGroup;
			children = (
				F78E32241B9EC977005A7C34 /* Compose */,
				F71D17091B9D1DBC0039CB1A /* Temp */,
				F71D16F61B9C3A140039CB1A /* Main */,
				F7C9FCA41B9C16DB005EF60C /* Find(发现) */,
				F7C9FCA91B9C16DB005EF60C /* Home(首页) */,
				F7C9FCAE1B9C16DB005EF60C /* me(我) */,
				F7C9FCB31B9C16DB005EF60C /* Message(消息) */,
				F7C9FCA01B9C113B005EF60C /* Other */,
			);
			path = classes;
			sourceTree = "<group>";
		};
		F7C9FCA01B9C113B005EF60C /* Other */ = {
			isa = PBXGroup;
			children = (
				F7D259BC1BA708A900D9BC6C /* Tool */,
				F710A0981B9E891300A8D0BC /* Widget */,
				F710A08E1B9E88E000A8D0BC /* Cateory */,
			);
			path = Other;
			sourceTree = "<group>";
		};
		F7C9FCA41B9C16DB005EF60C /* Find(发现) */ = {
			isa = PBXGroup;
			children = (
				F7C9FCA51B9C16DB005EF60C /* Controller */,
				F7C9FCA61B9C16DB005EF60C /* Model */,
				F7C9FCA71B9C16DB005EF60C /* Other */,
				F7C9FCA81B9C16DB005EF60C /* VIew */,
			);
			path = "Find(发现)";
			sourceTree = "<group>";
		};
		F7C9FCA51B9C16DB005EF60C /* Controller */ = {
			isa = PBXGroup;
			children = (
				F71D16F31B9C37540039CB1A /* MYFindTableViewController.h */,
				F71D16F41B9C37540039CB1A /* MYFindTableViewController.m */,
			);
			path = Controller;
			sourceTree = "<group>";
		};
		F7C9FCA61B9C16DB005EF60C /* Model */ = {
			isa = PBXGroup;
			children = (
			);
			path = Model;
			sourceTree = "<group>";
		};
		F7C9FCA71B9C16DB005EF60C /* Other */ = {
			isa = PBXGroup;
			children = (
			);
			path = Other;
			sourceTree = "<group>";
		};
		F7C9FCA81B9C16DB005EF60C /* VIew */ = {
			isa = PBXGroup;
			children = (
			);
			path = VIew;
			sourceTree = "<group>";
		};
		F7C9FCA91B9C16DB005EF60C /* Home(首页) */ = {
			isa = PBXGroup;
			children = (
				F7C9FCAA1B9C16DB005EF60C /* Controller */,
				F7C9FCAB1B9C16DB005EF60C /* Model */,
				F7C9FCAC1B9C16DB005EF60C /* Other */,
				F7C9FCAD1B9C16DB005EF60C /* VIew */,
			);
			path = "Home(首页)";
			sourceTree = "<group>";
		};
		F7C9FCAA1B9C16DB005EF60C /* Controller */ = {
			isa = PBXGroup;
			children = (
				F71D16EA1B9C36F50039CB1A /* MYHomeTableViewController.h */,
				F71D16EB1B9C36F50039CB1A /* MYHomeTableViewController.m */,
				F71D17001B9C56F70039CB1A /* MYTableViewController.h */,
				F71D17011B9C56F70039CB1A /* MYTableViewController.m */,
			);
			path = Controller;
			sourceTree = "<group>";
		};
		F7C9FCAB1B9C16DB005EF60C /* Model */ = {
			isa = PBXGroup;
			children = (
			);
			path = Model;
			sourceTree = "<group>";
		};
		F7C9FCAC1B9C16DB005EF60C /* Other */ = {
			isa = PBXGroup;
			children = (
			);
			path = Other;
			sourceTree = "<group>";
		};
		F7C9FCAD1B9C16DB005EF60C /* VIew */ = {
			isa = PBXGroup;
			children = (
			);
			path = VIew;
			sourceTree = "<group>";
		};
		F7C9FCAE1B9C16DB005EF60C /* me(我) */ = {
			isa = PBXGroup;
			children = (
				F7C9FCAF1B9C16DB005EF60C /* Controller */,
				F7C9FCB01B9C16DB005EF60C /* Model */,
				F7C9FCB11B9C16DB005EF60C /* Other */,
				F7C9FCB21B9C16DB005EF60C /* VIew */,
			);
			path = "me(我)";
			sourceTree = "<group>";
		};
		F7C9FCAF1B9C16DB005EF60C /* Controller */ = {
			isa = PBXGroup;
			children = (
				F71D16ED1B9C370C0039CB1A /* MYMeTableViewController.h */,
				F71D16EE1B9C370C0039CB1A /* MYMeTableViewController.m */,
			);
			path = Controller;
			sourceTree = "<group>";
		};
		F7C9FCB01B9C16DB005EF60C /* Model */ = {
			isa = PBXGroup;
			children = (
			);
			path = Model;
			sourceTree = "<group>";
		};
		F7C9FCB11B9C16DB005EF60C /* Other */ = {
			isa = PBXGroup;
			children = (
			);
			path = Other;
			sourceTree = "<group>";
		};
		F7C9FCB21B9C16DB005EF60C /* VIew */ = {
			isa = PBXGroup;
			children = (
			);
			path = VIew;
			sourceTree = "<group>";
		};
		F7C9FCB31B9C16DB005EF60C /* Message(消息) */ = {
			isa = PBXGroup;
			children = (
				F7C9FCB41B9C16DB005EF60C /* Controller */,
				F7C9FCB51B9C16DB005EF60C /* Model */,
				F7C9FCB61B9C16DB005EF60C /* Other */,
				F7C9FCB71B9C16DB005EF60C /* VIew */,
			);
			path = "Message(消息)";
			sourceTree = "<group>";
		};
		F7C9FCB41B9C16DB005EF60C /* Controller */ = {
			isa = PBXGroup;
			children = (
				F71D16F01B9C37190039CB1A /* MYMessageTableViewController.h */,
				F71D16F11B9C37190039CB1A /* MYMessageTableViewController.m */,
			);
			path = Controller;
			sourceTree = "<group>";
		};
		F7C9FCB51B9C16DB005EF60C /* Model */ = {
			isa = PBXGroup;
			children = (
			);
			path = Model;
			sourceTree = "<group>";
		};
		F7C9FCB61B9C16DB005EF60C /* Other */ = {
			isa = PBXGroup;
			children = (
			);
			path = Other;
			sourceTree = "<group>";
		};
		F7C9FCB71B9C16DB005EF60C /* VIew */ = {
			isa = PBXGroup;
			children = (
			);
			path = VIew;
			sourceTree = "<group>";
		};
		F7D259BC1BA708A900D9BC6C /* Tool */ = {
			isa = PBXGroup;
			children = (
				F7D259BD1BA708B700D9BC6C /* MYControllerTool.h */,
				F7D259BE1BA708B700D9BC6C /* MYControllerTool.m */,
			);
			path = Tool;
			sourceTree = "<group>";
		};
/* End PBXGroup section */

/* Begin PBXNativeTarget section */
		F7C9FC721B9C08B5005EF60C /* sinaWeibo */ = {
			isa = PBXNativeTarget;
			buildConfigurationList = F7C9FC961B9C08B5005EF60C /* Build configuration list for PBXNativeTarget "sinaWeibo" */;
			buildPhases = (
				F7C9FC6F1B9C08B5005EF60C /* Sources */,
				F7C9FC701B9C08B5005EF60C /* Frameworks */,
				F7C9FC711B9C08B5005EF60C /* Resources */,
			);
			buildRules = (
			);
			dependencies = (
			);
			name = sinaWeibo;
			productName = sinaWeibo;
			productReference = F7C9FC731B9C08B5005EF60C /* sinaWeibo.app */;
			productType = "com.apple.product-type.application";
		};
		F7C9FC8B1B9C08B5005EF60C /* sinaWeiboTests */ = {
			isa = PBXNativeTarget;
			buildConfigurationList = F7C9FC991B9C08B5005EF60C /* Build configuration list for PBXNativeTarget "sinaWeiboTests" */;
			buildPhases = (
				F7C9FC881B9C08B5005EF60C /* Sources */,
				F7C9FC891B9C08B5005EF60C /* Frameworks */,
				F7C9FC8A1B9C08B5005EF60C /* Resources */,
			);
			buildRules = (
			);
			dependencies = (
				F7C9FC8E1B9C08B5005EF60C /* PBXTargetDependency */,
			);
			name = sinaWeiboTests;
			productName = sinaWeiboTests;
			productReference = F7C9FC8C1B9C08B5005EF60C /* sinaWeiboTests.xctest */;
			productType = "com.apple.product-type.bundle.unit-test";
		};
/* End PBXNativeTarget section */

/* Begin PBXProject section */
		F7C9FC6B1B9C08B5005EF60C /* Project object */ = {
			isa = PBXProject;
			attributes = {
				LastUpgradeCheck = 0640;
				ORGANIZATIONNAME = wmy;
				TargetAttributes = {
					F7C9FC721B9C08B5005EF60C = {
						CreatedOnToolsVersion = 6.4;
					};
					F7C9FC8B1B9C08B5005EF60C = {
						CreatedOnToolsVersion = 6.4;
						TestTargetID = F7C9FC721B9C08B5005EF60C;
					};
				};
			};
			buildConfigurationList = F7C9FC6E1B9C08B5005EF60C /* Build configuration list for PBXProject "sinaWeibo" */;
			compatibilityVersion = "Xcode 3.2";
			developmentRegion = English;
			hasScannedForEncodings = 0;
			knownRegions = (
				en,
				Base,
			);
			mainGroup = F7C9FC6A1B9C08B5005EF60C;
			productRefGroup = F7C9FC741B9C08B5005EF60C /* Products */;
			projectDirPath = "";
			projectRoot = "";
			targets = (
				F7C9FC721B9C08B5005EF60C /* sinaWeibo */,
				F7C9FC8B1B9C08B5005EF60C /* sinaWeiboTests */,
			);
		};
/* End PBXProject section */

/* Begin PBXResourcesBuildPhase section */
		F7C9FC711B9C08B5005EF60C /* Resources */ = {
			isa = PBXResourcesBuildPhase;
			buildActionMask = 2147483647;
			files = (
				F731E48A1B9FCB9400527F7A /* MJPhotoBrowser.bundle in Resources */,
				F7C9FC871B9C08B5005EF60C /* LaunchScreen.xib in Resources */,
				F7C9FC841B9C08B5005EF60C /* Images.xcassets in Resources */,
				F731E45A1B9FC9B400527F7A /* MBProgressHUD.bundle in Resources */,
				F71D17111B9D1E0A0039CB1A /* OneViewController.xib in Resources */,
				F71D17131B9D1E170039CB1A /* TwoViewController.xib in Resources */,
			);
			runOnlyForDeploymentPostprocessing = 0;
		};
		F7C9FC8A1B9C08B5005EF60C /* Resources */ = {
			isa = PBXResourcesBuildPhase;
			buildActionMask = 2147483647;
			files = (
			);
			runOnlyForDeploymentPostprocessing = 0;
		};
/* End PBXResourcesBuildPhase section */

/* Begin PBXSourcesBuildPhase section */
		F7C9FC6F1B9C08B5005EF60C /* Sources */ = {
			isa = PBXSourcesBuildPhase;
			buildActionMask = 2147483647;
			files = (
				F731E4BA1B9FCB9F00527F7A /* UIButton+WebCache.m in Sources */,
				F731E4741B9FCB8900527F7A /* AFSecurityPolicy.m in Sources */,
				F71D16EC1B9C36F50039CB1A /* MYHomeTableViewController.m in Sources */,
				F71D17021B9C56F70039CB1A /* MYTableViewController.m in Sources */,
				F731E45B1B9FC9B400527F7A /* MBProgressHUD.m in Sources */,
				F731E4BE1B9FCB9F00527F7A /* UIImageView+HighlightedWebCache.m in Sources */,
				F7C9FC7C1B9C08B5005EF60C /* AppDelegate.m in Sources */,
				F731E4B21B9FCB9F00527F7A /* NSData+ImageContentType.m in Sources */,
				F731E4751B9FCB8900527F7A /* AFURLConnectionOperation.m in Sources */,
				F731E48E1B9FCB9400527F7A /* MJPhotoToolbar.m in Sources */,
				F78E32231B9EB41F005A7C34 /* MYTabBar.m in Sources */,
				F71D16FB1B9C3A140039CB1A /* MYTabBarViewController.m in Sources */,
				F731E4511B9FBF2500527F7A /* MYOAuthViewController.m in Sources */,
				F731E48F1B9FCB9400527F7A /* MJPhotoView.m in Sources */,
				F731E4B41B9FCB9F00527F7A /* SDWebImageCompat.m in Sources */,
				F731E4B81B9FCB9F00527F7A /* SDWebImageManager.m in Sources */,
				F731E4781B9FCB8900527F7A /* AFURLSessionManager.m in Sources */,
				F731E4B31B9FCB9F00527F7A /* SDImageCache.m in Sources */,
				F71D16FF1B9C508C0039CB1A /* MYTabNavigationController.m in Sources */,
				F731E4B51B9FCB9F00527F7A /* SDWebImageDecoder.m in Sources */,
				F78E322B1B9EC9D2005A7C34 /* MYComposeViewController.m in Sources */,
				F71D170F1B9D1DEF0039CB1A /* TwoViewController.m in Sources */,
				F731E4B61B9FCB9F00527F7A /* SDWebImageDownloader.m in Sources */,
				F78E32201B9E9A53005A7C34 /* MYPopView.m in Sources */,
				F71D16F21B9C37190039CB1A /* MYMessageTableViewController.m in Sources */,
				F731E4771B9FCB8900527F7A /* AFURLResponseSerialization.m in Sources */,
				F731E4BC1B9FCB9F00527F7A /* UIImage+MultiFormat.m in Sources */,
				F731E4711B9FCB8900527F7A /* AFHTTPRequestOperationManager.m in Sources */,
				F731E4BD1B9FCB9F00527F7A /* UIImage+WebP.m in Sources */,
				F731E4701B9FCB8900527F7A /* AFHTTPRequestOperation.m in Sources */,
				F710A0951B9E88E000A8D0BC /* UIBarButtonItem+Extension.m in Sources */,
				F71D16F51B9C37540039CB1A /* MYFindTableViewController.m in Sources */,
				F78E322E1B9ED615005A7C34 /* MYNewVersionViewController.m in Sources */,
				F731E4901B9FCB9400527F7A /* SDWebImageManager+MJ.m in Sources */,
				F731E48D1B9FCB9400527F7A /* MJPhotoProgressView.m in Sources */,
				F7C9FC791B9C08B5005EF60C /* main.m in Sources */,
				F710A0961B9E88E000A8D0BC /* UIImage+Extern.m in Sources */,
				F731E4B91B9FCB9F00527F7A /* SDWebImagePrefetcher.m in Sources */,
				F731E4731B9FCB8900527F7A /* AFNetworkReachabilityManager.m in Sources */,
				F731E4591B9FC9B400527F7A /* MBProgressHUD+MJ.m in Sources */,
				F710A09B1B9E892700A8D0BC /* MYSearchBar.m in Sources */,
				F731E4BB1B9FCB9F00527F7A /* UIImage+GIF.m in Sources */,
				F71D16EF1B9C370C0039CB1A /* MYMeTableViewController.m in Sources */,
				F710A0971B9E88E000A8D0BC /* UIView+Extern.m in Sources */,
				F78E321D1B9E8DC0005A7C34 /* MYTitleButton.m in Sources */,
				F7D259BF1BA708B700D9BC6C /* MYControllerTool.m in Sources */,
				F731E4B11B9FCB9F00527F7A /* MKAnnotationView+WebCache.m in Sources */,
				F731E4761B9FCB8900527F7A /* AFURLRequestSerialization.m in Sources */,
				F731E4B71B9FCB9F00527F7A /* SDWebImageDownloaderOperation.m in Sources */,
				F731E48B1B9FCB9400527F7A /* MJPhotoBrowser.m in Sources */,
				F71D170C1B9D1DDF0039CB1A /* OneViewController.m in Sources */,
				F731E4BF1B9FCB9F00527F7A /* UIImageView+WebCache.m in Sources */,
				F731E48C1B9FCB9400527F7A /* MJPhotoLoadingView.m in Sources */,
				F731E4891B9FCB9400527F7A /* MJPhoto.m in Sources */,
				F731E4721B9FCB8900527F7A /* AFHTTPSessionManager.m in Sources */,
			);
			runOnlyForDeploymentPostprocessing = 0;
		};
		F7C9FC881B9C08B5005EF60C /* Sources */ = {
			isa = PBXSourcesBuildPhase;
			buildActionMask = 2147483647;
			files = (
				F7C9FC931B9C08B5005EF60C /* sinaWeiboTests.m in Sources */,
			);
			runOnlyForDeploymentPostprocessing = 0;
		};
/* End PBXSourcesBuildPhase section */

/* Begin PBXTargetDependency section */
		F7C9FC8E1B9C08B5005EF60C /* PBXTargetDependency */ = {
			isa = PBXTargetDependency;
			target = F7C9FC721B9C08B5005EF60C /* sinaWeibo */;
			targetProxy = F7C9FC8D1B9C08B5005EF60C /* PBXContainerItemProxy */;
		};
/* End PBXTargetDependency section */

/* Begin PBXVariantGroup section */
		F7C9FC851B9C08B5005EF60C /* LaunchScreen.xib */ = {
			isa = PBXVariantGroup;
			children = (
				F7C9FC861B9C08B5005EF60C /* Base */,
			);
			name = LaunchScreen.xib;
			sourceTree = "<group>";
		};
/* End PBXVariantGroup section */

/* Begin XCBuildConfiguration section */
		F7C9FC941B9C08B5005EF60C /* Debug */ = {
			isa = XCBuildConfiguration;
			buildSettings = {
				ALWAYS_SEARCH_USER_PATHS = NO;
				CLANG_CXX_LANGUAGE_STANDARD = "gnu++0x";
				CLANG_CXX_LIBRARY = "libc++";
				CLANG_ENABLE_MODULES = YES;
				CLANG_ENABLE_OBJC_ARC = YES;
				CLANG_WARN_BOOL_CONVERSION = YES;
				CLANG_WARN_CONSTANT_CONVERSION = YES;
				CLANG_WARN_DIRECT_OBJC_ISA_USAGE = YES_ERROR;
				CLANG_WARN_EMPTY_BODY = YES;
				CLANG_WARN_ENUM_CONVERSION = YES;
				CLANG_WARN_INT_CONVERSION = YES;
				CLANG_WARN_OBJC_ROOT_CLASS = YES_ERROR;
				CLANG_WARN_UNREACHABLE_CODE = YES;
				CLANG_WARN__DUPLICATE_METHOD_MATCH = YES;
				"CODE_SIGN_IDENTITY[sdk=iphoneos*]" = "iPhone Developer";
				COPY_PHASE_STRIP = NO;
				DEBUG_INFORMATION_FORMAT = "dwarf-with-dsym";
				ENABLE_STRICT_OBJC_MSGSEND = YES;
				GCC_C_LANGUAGE_STANDARD = gnu99;
				GCC_DYNAMIC_NO_PIC = NO;
				GCC_NO_COMMON_BLOCKS = YES;
				GCC_OPTIMIZATION_LEVEL = 0;
				GCC_PREPROCESSOR_DEFINITIONS = (
					"DEBUG=1",
					"$(inherited)",
				);
				GCC_SYMBOLS_PRIVATE_EXTERN = NO;
				GCC_WARN_64_TO_32_BIT_CONVERSION = YES;
				GCC_WARN_ABOUT_RETURN_TYPE = YES_ERROR;
				GCC_WARN_UNDECLARED_SELECTOR = YES;
				GCC_WARN_UNINITIALIZED_AUTOS = YES_AGGRESSIVE;
				GCC_WARN_UNUSED_FUNCTION = YES;
				GCC_WARN_UNUSED_VARIABLE = YES;
				IPHONEOS_DEPLOYMENT_TARGET = 8.4;
				MTL_ENABLE_DEBUG_INFO = YES;
				ONLY_ACTIVE_ARCH = YES;
				SDKROOT = iphoneos;
			};
			name = Debug;
		};
		F7C9FC951B9C08B5005EF60C /* Release */ = {
			isa = XCBuildConfiguration;
			buildSettings = {
				ALWAYS_SEARCH_USER_PATHS = NO;
				CLANG_CXX_LANGUAGE_STANDARD = "gnu++0x";
				CLANG_CXX_LIBRARY = "libc++";
				CLANG_ENABLE_MODULES = YES;
				CLANG_ENABLE_OBJC_ARC = YES;
				CLANG_WARN_BOOL_CONVERSION = YES;
				CLANG_WARN_CONSTANT_CONVERSION = YES;
				CLANG_WARN_DIRECT_OBJC_ISA_USAGE = YES_ERROR;
				CLANG_WARN_EMPTY_BODY = YES;
				CLANG_WARN_ENUM_CONVERSION = YES;
				CLANG_WARN_INT_CONVERSION = YES;
				CLANG_WARN_OBJC_ROOT_CLASS = YES_ERROR;
				CLANG_WARN_UNREACHABLE_CODE = YES;
				CLANG_WARN__DUPLICATE_METHOD_MATCH = YES;
				"CODE_SIGN_IDENTITY[sdk=iphoneos*]" = "iPhone Developer";
				COPY_PHASE_STRIP = NO;
				DEBUG_INFORMATION_FORMAT = "dwarf-with-dsym";
				ENABLE_NS_ASSERTIONS = NO;
				ENABLE_STRICT_OBJC_MSGSEND = YES;
				GCC_C_LANGUAGE_STANDARD = gnu99;
				GCC_NO_COMMON_BLOCKS = YES;
				GCC_WARN_64_TO_32_BIT_CONVERSION = YES;
				GCC_WARN_ABOUT_RETURN_TYPE = YES_ERROR;
				GCC_WARN_UNDECLARED_SELECTOR = YES;
				GCC_WARN_UNINITIALIZED_AUTOS = YES_AGGRESSIVE;
				GCC_WARN_UNUSED_FUNCTION = YES;
				GCC_WARN_UNUSED_VARIABLE = YES;
				IPHONEOS_DEPLOYMENT_TARGET = 8.4;
				MTL_ENABLE_DEBUG_INFO = NO;
				SDKROOT = iphoneos;
				VALIDATE_PRODUCT = YES;
			};
			name = Release;
		};
		F7C9FC971B9C08B5005EF60C /* Debug */ = {
			isa = XCBuildConfiguration;
			buildSettings = {
				ASSETCATALOG_COMPILER_APPICON_NAME = AppIcon;
				ASSETCATALOG_COMPILER_LAUNCHIMAGE_NAME = LaunchImage;
				GCC_PREFIX_HEADER = "$(SRCROOT)/sinaWeibo/sinaWeibo.pch";
				INFOPLIST_FILE = sinaWeibo/Info.plist;
				IPHONEOS_DEPLOYMENT_TARGET = 6.1;
				LD_RUNPATH_SEARCH_PATHS = "$(inherited) @executable_path/Frameworks";
				PRODUCT_NAME = "$(TARGET_NAME)";
			};
			name = Debug;
		};
		F7C9FC981B9C08B5005EF60C /* Release */ = {
			isa = XCBuildConfiguration;
			buildSettings = {
				ASSETCATALOG_COMPILER_APPICON_NAME = AppIcon;
				ASSETCATALOG_COMPILER_LAUNCHIMAGE_NAME = LaunchImage;
				GCC_PREFIX_HEADER = "$(SRCROOT)/sinaWeibo/sinaWeibo.pch";
				INFOPLIST_FILE = sinaWeibo/Info.plist;
				IPHONEOS_DEPLOYMENT_TARGET = 6.1;
				LD_RUNPATH_SEARCH_PATHS = "$(inherited) @executable_path/Frameworks";
				PRODUCT_NAME = "$(TARGET_NAME)";
			};
			name = Release;
		};
		F7C9FC9A1B9C08B5005EF60C /* Debug */ = {
			isa = XCBuildConfiguration;
			buildSettings = {
				BUNDLE_LOADER = "$(TEST_HOST)";
				FRAMEWORK_SEARCH_PATHS = (
					"$(SDKROOT)/Developer/Library/Frameworks",
					"$(inherited)",
				);
				GCC_PREPROCESSOR_DEFINITIONS = (
					"DEBUG=1",
					"$(inherited)",
				);
				INFOPLIST_FILE = sinaWeiboTests/Info.plist;
				LD_RUNPATH_SEARCH_PATHS = "$(inherited) @executable_path/Frameworks @loader_path/Frameworks";
				PRODUCT_NAME = "$(TARGET_NAME)";
				TEST_HOST = "$(BUILT_PRODUCTS_DIR)/sinaWeibo.app/sinaWeibo";
			};
			name = Debug;
		};
		F7C9FC9B1B9C08B5005EF60C /* Release */ = {
			isa = XCBuildConfiguration;
			buildSettings = {
				BUNDLE_LOADER = "$(TEST_HOST)";
				FRAMEWORK_SEARCH_PATHS = (
					"$(SDKROOT)/Developer/Library/Frameworks",
					"$(inherited)",
				);
				INFOPLIST_FILE = sinaWeiboTests/Info.plist;
				LD_RUNPATH_SEARCH_PATHS = "$(inherited) @executable_path/Frameworks @loader_path/Frameworks";
				PRODUCT_NAME = "$(TARGET_NAME)";
				TEST_HOST = "$(BUILT_PRODUCTS_DIR)/sinaWeibo.app/sinaWeibo";
			};
			name = Release;
		};
/* End XCBuildConfiguration section */

/* Begin XCConfigurationList section */
		F7C9FC6E1B9C08B5005EF60C /* Build configuration list for PBXProject "sinaWeibo" */ = {
			isa = XCConfigurationList;
			buildConfigurations = (
				F7C9FC941B9C08B5005EF60C /* Debug */,
				F7C9FC951B9C08B5005EF60C /* Release */,
			);
			defaultConfigurationIsVisible = 0;
			defaultConfigurationName = Release;
		};
		F7C9FC961B9C08B5005EF60C /* Build configuration list for PBXNativeTarget "sinaWeibo" */ = {
			isa = XCConfigurationList;
			buildConfigurations = (
				F7C9FC971B9C08B5005EF60C /* Debug */,
				F7C9FC981B9C08B5005EF60C /* Release */,
			);
			defaultConfigurationIsVisible = 0;
			defaultConfigurationName = Release;
		};
		F7C9FC991B9C08B5005EF60C /* Build configuration list for PBXNativeTarget "sinaWeiboTests" */ = {
			isa = XCConfigurationList;
			buildConfigurations = (
				F7C9FC9A1B9C08B5005EF60C /* Debug */,
				F7C9FC9B1B9C08B5005EF60C /* Release */,
			);
			defaultConfigurationIsVisible = 0;
			defaultConfigurationName = Release;
		};
/* End XCConfigurationList section */
	};
	rootObject = F7C9FC6B1B9C08B5005EF60C /* Project object */;
}
